// !$*UTF8*$!
{
	archiveVersion = 1;
	classes = {
	};
	objectVersion = 48;
	objects = {

/* Begin PBXBuildFile section */
		CD43DA15204D5D210005C077 /* UIFontHelper+HMFont.m in Sources */ = {isa = PBXBuildFile; fileRef = CD43DA14204D5D210005C077 /* UIFontHelper+HMFont.m */; };
		CD517D41204BAC28001A6992 /* HMData.m in Sources */ = {isa = PBXBuildFile; fileRef = CD517D40204BAC28001A6992 /* HMData.m */; };
		CD517D4D204BC387001A6992 /* HMHeartRate.m in Sources */ = {isa = PBXBuildFile; fileRef = CD517D4C204BC387001A6992 /* HMHeartRate.m */; };
		CD517D53204BCF7B001A6992 /* HMUser.m in Sources */ = {isa = PBXBuildFile; fileRef = CD517D52204BCF7B001A6992 /* HMUser.m */; };
		CD517D57204BD034001A6992 /* RecordVC.m in Sources */ = {isa = PBXBuildFile; fileRef = CD517D56204BD034001A6992 /* RecordVC.m */; };
		CD517D5A204BD3CB001A6992 /* TimelineTV.m in Sources */ = {isa = PBXBuildFile; fileRef = CD517D59204BD3CB001A6992 /* TimelineTV.m */; };
		CD884530204E66B5001F7AF1 /* HMGenderPicker.m in Sources */ = {isa = PBXBuildFile; fileRef = CD88452F204E66B5001F7AF1 /* HMGenderPicker.m */; };
		CD884533204E67F2001F7AF1 /* BasePickerView.m in Sources */ = {isa = PBXBuildFile; fileRef = CD884532204E67F2001F7AF1 /* BasePickerView.m */; };
		CD884536204E684A001F7AF1 /* BaseAlertController.m in Sources */ = {isa = PBXBuildFile; fileRef = CD884535204E684A001F7AF1 /* BaseAlertController.m */; };
		CD884539204E70FA001F7AF1 /* HMBirthdayPicker.m in Sources */ = {isa = PBXBuildFile; fileRef = CD884538204E70FA001F7AF1 /* HMBirthdayPicker.m */; };
		CD88453C204E719A001F7AF1 /* HMHeightPicker.m in Sources */ = {isa = PBXBuildFile; fileRef = CD88453B204E719A001F7AF1 /* HMHeightPicker.m */; };
		CD884542204E7399001F7AF1 /* HMWeightPicker.m in Sources */ = {isa = PBXBuildFile; fileRef = CD884541204E7399001F7AF1 /* HMWeightPicker.m */; };
		CD884545204E7520001F7AF1 /* HMContext.m in Sources */ = {isa = PBXBuildFile; fileRef = CD884544204E7520001F7AF1 /* HMContext.m */; };
		CD884548204E7AA0001F7AF1 /* HMUtilities.m in Sources */ = {isa = PBXBuildFile; fileRef = CD884547204E7AA0001F7AF1 /* HMUtilities.m */; };
		CD88454B204E8D7F001F7AF1 /* HMTableFootnoteView.m in Sources */ = {isa = PBXBuildFile; fileRef = CD88454A204E8D7F001F7AF1 /* HMTableFootnoteView.m */; };
		CD944143204F7D98005BCC03 /* RecordStartButton.m in Sources */ = {isa = PBXBuildFile; fileRef = CD944142204F7D98005BCC03 /* RecordStartButton.m */; };
		CD94414B204F8E7B005BCC03 /* ReminderEditVC.m in Sources */ = {isa = PBXBuildFile; fileRef = CD944149204F8E7B005BCC03 /* ReminderEditVC.m */; };
		CD94414C204F8E7B005BCC03 /* ReminderEditVC.xib in Resources */ = {isa = PBXBuildFile; fileRef = CD94414A204F8E7B005BCC03 /* ReminderEditVC.xib */; };
		CD94414F204F95D6005BCC03 /* HMWideButton.m in Sources */ = {isa = PBXBuildFile; fileRef = CD94414E204F95D6005BCC03 /* HMWideButton.m */; };
		CD944152204F9816005BCC03 /* BaseTextField.m in Sources */ = {isa = PBXBuildFile; fileRef = CD944151204F9816005BCC03 /* BaseTextField.m */; };
		CD944155204F9848005BCC03 /* BaseTextView.m in Sources */ = {isa = PBXBuildFile; fileRef = CD944154204F9848005BCC03 /* BaseTextView.m */; };
		CD944158204FB4FC005BCC03 /* LocalNotificationManager.m in Sources */ = {isa = PBXBuildFile; fileRef = CD944157204FB4FC005BCC03 /* LocalNotificationManager.m */; };
		CD964CAC204AD88900A9ECBC /* HKRecord.m in Sources */ = {isa = PBXBuildFile; fileRef = CD964CAB204AD88900A9ECBC /* HKRecord.m */; };
		CD964CB1204AFC1B00A9ECBC /* BaseTabBarController.json in Resources */ = {isa = PBXBuildFile; fileRef = CD964CB0204AFC1B00A9ECBC /* BaseTabBarController.json */; };
		CD964CB4204AFC2F00A9ECBC /* BaseTabBarController.m in Sources */ = {isa = PBXBuildFile; fileRef = CD964CB3204AFC2F00A9ECBC /* BaseTabBarController.m */; };
		CD964CBD204AFD4100A9ECBC /* BaseNavController.m in Sources */ = {isa = PBXBuildFile; fileRef = CD964CB7204AFD4000A9ECBC /* BaseNavController.m */; };
		CD964CBF204AFD4100A9ECBC /* RootViewController.m in Sources */ = {isa = PBXBuildFile; fileRef = CD964CBB204AFD4100A9ECBC /* RootViewController.m */; };
		CD964CC6204AFDB800A9ECBC /* TimelineVC.m in Sources */ = {isa = PBXBuildFile; fileRef = CD964CC5204AFDB800A9ECBC /* TimelineVC.m */; };
		CD964CC9204AFDC200A9ECBC /* CalendarVC.m in Sources */ = {isa = PBXBuildFile; fileRef = CD964CC8204AFDC200A9ECBC /* CalendarVC.m */; };
		CD964CCC204AFDCF00A9ECBC /* ReminderVC.m in Sources */ = {isa = PBXBuildFile; fileRef = CD964CCB204AFDCF00A9ECBC /* ReminderVC.m */; };
		CD964CCF204AFDDF00A9ECBC /* MineVC.m in Sources */ = {isa = PBXBuildFile; fileRef = CD964CCE204AFDDF00A9ECBC /* MineVC.m */; };
		CD964CD2204AFE5F00A9ECBC /* BaseViewController.m in Sources */ = {isa = PBXBuildFile; fileRef = CD964CD0204AFE5E00A9ECBC /* BaseViewController.m */; };
		CDA527A21FECD20E009C39EC /* AppDelegate.m in Sources */ = {isa = PBXBuildFile; fileRef = CDA527A11FECD20E009C39EC /* AppDelegate.m */; };
		CDA527A51FECD20E009C39EC /* ViewController.m in Sources */ = {isa = PBXBuildFile; fileRef = CDA527A41FECD20E009C39EC /* ViewController.m */; };
		CDA527A81FECD20E009C39EC /* Main.storyboard in Resources */ = {isa = PBXBuildFile; fileRef = CDA527A61FECD20E009C39EC /* Main.storyboard */; };
		CDA527AA1FECD20E009C39EC /* Assets.xcassets in Resources */ = {isa = PBXBuildFile; fileRef = CDA527A91FECD20E009C39EC /* Assets.xcassets */; };
		CDA527AD1FECD20E009C39EC /* LaunchScreen.storyboard in Resources */ = {isa = PBXBuildFile; fileRef = CDA527AB1FECD20E009C39EC /* LaunchScreen.storyboard */; };
		CDA527B01FECD20E009C39EC /* main.m in Sources */ = {isa = PBXBuildFile; fileRef = CDA527AF1FECD20E009C39EC /* main.m */; };
		CDCC7275204C31D800553F25 /* HMDefines.m in Sources */ = {isa = PBXBuildFile; fileRef = CDCC7274204C31D800553F25 /* HMDefines.m */; };
		CDCC7290204D075B00553F25 /* TimelineTVC.m in Sources */ = {isa = PBXBuildFile; fileRef = CDCC728E204D075B00553F25 /* TimelineTVC.m */; };
		CDCC7291204D075B00553F25 /* TimelineTVC.xib in Resources */ = {isa = PBXBuildFile; fileRef = CDCC728F204D075B00553F25 /* TimelineTVC.xib */; };
		CDCC7294204D0C4500553F25 /* HMTagButton.m in Sources */ = {isa = PBXBuildFile; fileRef = CDCC7293204D0C4500553F25 /* HMTagButton.m */; };
		CDD5BBEC204AD257005D2FC5 /* HKCaptureSession.m in Sources */ = {isa = PBXBuildFile; fileRef = CDD5BBEB204AD257005D2FC5 /* HKCaptureSession.m */; };
		CDD5BBF2204AD287005D2FC5 /* HKOutputView.m in Sources */ = {isa = PBXBuildFile; fileRef = CDD5BBF1204AD287005D2FC5 /* HKOutputView.m */; };
		CDE362D5204ED33400BD0865 /* HMReminder.m in Sources */ = {isa = PBXBuildFile; fileRef = CDE362D4204ED33400BD0865 /* HMReminder.m */; };
		CDE362D8204ED69600BD0865 /* ReminderTV.m in Sources */ = {isa = PBXBuildFile; fileRef = CDE362D7204ED69600BD0865 /* ReminderTV.m */; };
		CDE362DC204EDA5800BD0865 /* ReminderTVC.m in Sources */ = {isa = PBXBuildFile; fileRef = CDE362DA204EDA5800BD0865 /* ReminderTVC.m */; };
		CDE362DD204EDA5800BD0865 /* ReminderTVC.xib in Resources */ = {isa = PBXBuildFile; fileRef = CDE362DB204EDA5800BD0865 /* ReminderTVC.xib */; };
		CDF4E73B204E5E0A00DDD285 /* MineTV.m in Sources */ = {isa = PBXBuildFile; fileRef = CDF4E73A204E5E0A00DDD285 /* MineTV.m */; };
		EBE69086FBB6D4CFE2EA5881 /* Pods_HeartMate.framework in Frameworks */ = {isa = PBXBuildFile; fileRef = 88AC075923DC9F7FBC6678A6 /* Pods_HeartMate.framework */; };
/* End PBXBuildFile section */

/* Begin PBXFileReference section */
		1689D13B55BEC752C2AE663B /* Pods-HeartMate.release.xcconfig */ = {isa = PBXFileReference; includeInIndex = 1; lastKnownFileType = text.xcconfig; name = "Pods-HeartMate.release.xcconfig"; path = "Pods/Target Support Files/Pods-HeartMate/Pods-HeartMate.release.xcconfig"; sourceTree = "<group>"; };
		50DCEA47E464341C75301902 /* Pods-HeartMate.debug.xcconfig */ = {isa = PBXFileReference; includeInIndex = 1; lastKnownFileType = text.xcconfig; name = "Pods-HeartMate.debug.xcconfig"; path = "Pods/Target Support Files/Pods-HeartMate/Pods-HeartMate.debug.xcconfig"; sourceTree = "<group>"; };
		887175E55E5A0CC8CFA108C8 /* Pods_CardiotachMate.framework */ = {isa = PBXFileReference; explicitFileType = wrapper.framework; includeInIndex = 0; path = Pods_CardiotachMate.framework; sourceTree = BUILT_PRODUCTS_DIR; };
		88AC075923DC9F7FBC6678A6 /* Pods_HeartMate.framework */ = {isa = PBXFileReference; explicitFileType = wrapper.framework; includeInIndex = 0; path = Pods_HeartMate.framework; sourceTree = BUILT_PRODUCTS_DIR; };
		983B29790E3937E207C8E55A /* Pods-CardiotachMate.release.xcconfig */ = {isa = PBXFileReference; includeInIndex = 1; lastKnownFileType = text.xcconfig; name = "Pods-CardiotachMate.release.xcconfig"; path = "Pods/Target Support Files/Pods-CardiotachMate/Pods-CardiotachMate.release.xcconfig"; sourceTree = "<group>"; };
		9D514ABAF5D6810B2D9C6A99 /* Pods-CardiotachMate.debug.xcconfig */ = {isa = PBXFileReference; includeInIndex = 1; lastKnownFileType = text.xcconfig; name = "Pods-CardiotachMate.debug.xcconfig"; path = "Pods/Target Support Files/Pods-CardiotachMate/Pods-CardiotachMate.debug.xcconfig"; sourceTree = "<group>"; };
		CD43DA13204D5D210005C077 /* UIFontHelper+HMFont.h */ = {isa = PBXFileReference; lastKnownFileType = sourcecode.c.h; path = "UIFontHelper+HMFont.h"; sourceTree = "<group>"; };
		CD43DA14204D5D210005C077 /* UIFontHelper+HMFont.m */ = {isa = PBXFileReference; lastKnownFileType = sourcecode.c.objc; path = "UIFontHelper+HMFont.m"; sourceTree = "<group>"; };
		CD517D3F204BAC28001A6992 /* HMData.h */ = {isa = PBXFileReference; lastKnownFileType = sourcecode.c.h; path = HMData.h; sourceTree = "<group>"; };
		CD517D40204BAC28001A6992 /* HMData.m */ = {isa = PBXFileReference; lastKnownFileType = sourcecode.c.objc; path = HMData.m; sourceTree = "<group>"; };
		CD517D4B204BC387001A6992 /* HMHeartRate.h */ = {isa = PBXFileReference; lastKnownFileType = sourcecode.c.h; path = HMHeartRate.h; sourceTree = "<group>"; };
		CD517D4C204BC387001A6992 /* HMHeartRate.m */ = {isa = PBXFileReference; lastKnownFileType = sourcecode.c.objc; path = HMHeartRate.m; sourceTree = "<group>"; };
		CD517D51204BCF7B001A6992 /* HMUser.h */ = {isa = PBXFileReference; lastKnownFileType = sourcecode.c.h; path = HMUser.h; sourceTree = "<group>"; };
		CD517D52204BCF7B001A6992 /* HMUser.m */ = {isa = PBXFileReference; lastKnownFileType = sourcecode.c.objc; path = HMUser.m; sourceTree = "<group>"; };
		CD517D55204BD034001A6992 /* RecordVC.h */ = {isa = PBXFileReference; lastKnownFileType = sourcecode.c.h; path = RecordVC.h; sourceTree = "<group>"; };
		CD517D56204BD034001A6992 /* RecordVC.m */ = {isa = PBXFileReference; lastKnownFileType = sourcecode.c.objc; path = RecordVC.m; sourceTree = "<group>"; };
		CD517D58204BD3CB001A6992 /* TimelineTV.h */ = {isa = PBXFileReference; lastKnownFileType = sourcecode.c.h; path = TimelineTV.h; sourceTree = "<group>"; };
		CD517D59204BD3CB001A6992 /* TimelineTV.m */ = {isa = PBXFileReference; lastKnownFileType = sourcecode.c.objc; path = TimelineTV.m; sourceTree = "<group>"; };
		CD88452E204E66B5001F7AF1 /* HMGenderPicker.h */ = {isa = PBXFileReference; lastKnownFileType = sourcecode.c.h; path = HMGenderPicker.h; sourceTree = "<group>"; };
		CD88452F204E66B5001F7AF1 /* HMGenderPicker.m */ = {isa = PBXFileReference; lastKnownFileType = sourcecode.c.objc; path = HMGenderPicker.m; sourceTree = "<group>"; };
		CD884531204E67F2001F7AF1 /* BasePickerView.h */ = {isa = PBXFileReference; lastKnownFileType = sourcecode.c.h; path = BasePickerView.h; sourceTree = "<group>"; };
		CD884532204E67F2001F7AF1 /* BasePickerView.m */ = {isa = PBXFileReference; lastKnownFileType = sourcecode.c.objc; path = BasePickerView.m; sourceTree = "<group>"; };
		CD884534204E684A001F7AF1 /* BaseAlertController.h */ = {isa = PBXFileReference; lastKnownFileType = sourcecode.c.h; path = BaseAlertController.h; sourceTree = "<group>"; };
		CD884535204E684A001F7AF1 /* BaseAlertController.m */ = {isa = PBXFileReference; lastKnownFileType = sourcecode.c.objc; path = BaseAlertController.m; sourceTree = "<group>"; };
		CD884537204E70FA001F7AF1 /* HMBirthdayPicker.h */ = {isa = PBXFileReference; lastKnownFileType = sourcecode.c.h; path = HMBirthdayPicker.h; sourceTree = "<group>"; };
		CD884538204E70FA001F7AF1 /* HMBirthdayPicker.m */ = {isa = PBXFileReference; lastKnownFileType = sourcecode.c.objc; path = HMBirthdayPicker.m; sourceTree = "<group>"; };
		CD88453A204E719A001F7AF1 /* HMHeightPicker.h */ = {isa = PBXFileReference; lastKnownFileType = sourcecode.c.h; path = HMHeightPicker.h; sourceTree = "<group>"; };
		CD88453B204E719A001F7AF1 /* HMHeightPicker.m */ = {isa = PBXFileReference; lastKnownFileType = sourcecode.c.objc; path = HMHeightPicker.m; sourceTree = "<group>"; };
		CD884540204E7399001F7AF1 /* HMWeightPicker.h */ = {isa = PBXFileReference; lastKnownFileType = sourcecode.c.h; path = HMWeightPicker.h; sourceTree = "<group>"; };
		CD884541204E7399001F7AF1 /* HMWeightPicker.m */ = {isa = PBXFileReference; lastKnownFileType = sourcecode.c.objc; path = HMWeightPicker.m; sourceTree = "<group>"; };
		CD884543204E7520001F7AF1 /* HMContext.h */ = {isa = PBXFileReference; lastKnownFileType = sourcecode.c.h; path = HMContext.h; sourceTree = "<group>"; };
		CD884544204E7520001F7AF1 /* HMContext.m */ = {isa = PBXFileReference; lastKnownFileType = sourcecode.c.objc; path = HMContext.m; sourceTree = "<group>"; };
		CD884546204E7AA0001F7AF1 /* HMUtilities.h */ = {isa = PBXFileReference; lastKnownFileType = sourcecode.c.h; path = HMUtilities.h; sourceTree = "<group>"; };
		CD884547204E7AA0001F7AF1 /* HMUtilities.m */ = {isa = PBXFileReference; lastKnownFileType = sourcecode.c.objc; path = HMUtilities.m; sourceTree = "<group>"; };
		CD884549204E8D7F001F7AF1 /* HMTableFootnoteView.h */ = {isa = PBXFileReference; lastKnownFileType = sourcecode.c.h; path = HMTableFootnoteView.h; sourceTree = "<group>"; };
		CD88454A204E8D7F001F7AF1 /* HMTableFootnoteView.m */ = {isa = PBXFileReference; lastKnownFileType = sourcecode.c.objc; path = HMTableFootnoteView.m; sourceTree = "<group>"; };
		CD944141204F7D98005BCC03 /* RecordStartButton.h */ = {isa = PBXFileReference; lastKnownFileType = sourcecode.c.h; path = RecordStartButton.h; sourceTree = "<group>"; };
		CD944142204F7D98005BCC03 /* RecordStartButton.m */ = {isa = PBXFileReference; lastKnownFileType = sourcecode.c.objc; path = RecordStartButton.m; sourceTree = "<group>"; };
		CD944148204F8E7B005BCC03 /* ReminderEditVC.h */ = {isa = PBXFileReference; lastKnownFileType = sourcecode.c.h; path = ReminderEditVC.h; sourceTree = "<group>"; };
		CD944149204F8E7B005BCC03 /* ReminderEditVC.m */ = {isa = PBXFileReference; lastKnownFileType = sourcecode.c.objc; path = ReminderEditVC.m; sourceTree = "<group>"; };
		CD94414A204F8E7B005BCC03 /* ReminderEditVC.xib */ = {isa = PBXFileReference; lastKnownFileType = file.xib; path = ReminderEditVC.xib; sourceTree = "<group>"; };
		CD94414D204F95D6005BCC03 /* HMWideButton.h */ = {isa = PBXFileReference; lastKnownFileType = sourcecode.c.h; path = HMWideButton.h; sourceTree = "<group>"; };
		CD94414E204F95D6005BCC03 /* HMWideButton.m */ = {isa = PBXFileReference; lastKnownFileType = sourcecode.c.objc; path = HMWideButton.m; sourceTree = "<group>"; };
		CD944150204F9816005BCC03 /* BaseTextField.h */ = {isa = PBXFileReference; lastKnownFileType = sourcecode.c.h; path = BaseTextField.h; sourceTree = "<group>"; };
		CD944151204F9816005BCC03 /* BaseTextField.m */ = {isa = PBXFileReference; lastKnownFileType = sourcecode.c.objc; path = BaseTextField.m; sourceTree = "<group>"; };
		CD944153204F9848005BCC03 /* BaseTextView.h */ = {isa = PBXFileReference; lastKnownFileType = sourcecode.c.h; path = BaseTextView.h; sourceTree = "<group>"; };
		CD944154204F9848005BCC03 /* BaseTextView.m */ = {isa = PBXFileReference; lastKnownFileType = sourcecode.c.objc; path = BaseTextView.m; sourceTree = "<group>"; };
		CD944156204FB4FC005BCC03 /* LocalNotificationManager.h */ = {isa = PBXFileReference; fileEncoding = 4; lastKnownFileType = sourcecode.c.h; path = LocalNotificationManager.h; sourceTree = "<group>"; };
		CD944157204FB4FC005BCC03 /* LocalNotificationManager.m */ = {isa = PBXFileReference; fileEncoding = 4; lastKnownFileType = sourcecode.c.objc; path = LocalNotificationManager.m; sourceTree = "<group>"; };
		CD964CAA204AD88900A9ECBC /* HKRecord.h */ = {isa = PBXFileReference; lastKnownFileType = sourcecode.c.h; path = HKRecord.h; sourceTree = "<group>"; };
		CD964CAB204AD88900A9ECBC /* HKRecord.m */ = {isa = PBXFileReference; lastKnownFileType = sourcecode.c.objc; path = HKRecord.m; sourceTree = "<group>"; };
		CD964CB0204AFC1B00A9ECBC /* BaseTabBarController.json */ = {isa = PBXFileReference; fileEncoding = 4; lastKnownFileType = text.json; path = BaseTabBarController.json; sourceTree = "<group>"; };
		CD964CB2204AFC2F00A9ECBC /* BaseTabBarController.h */ = {isa = PBXFileReference; lastKnownFileType = sourcecode.c.h; path = BaseTabBarController.h; sourceTree = "<group>"; };
		CD964CB3204AFC2F00A9ECBC /* BaseTabBarController.m */ = {isa = PBXFileReference; lastKnownFileType = sourcecode.c.objc; path = BaseTabBarController.m; sourceTree = "<group>"; };
		CD964CB7204AFD4000A9ECBC /* BaseNavController.m */ = {isa = PBXFileReference; fileEncoding = 4; lastKnownFileType = sourcecode.c.objc; path = BaseNavController.m; sourceTree = "<group>"; };
		CD964CB8204AFD4000A9ECBC /* BaseNavController.h */ = {isa = PBXFileReference; fileEncoding = 4; lastKnownFileType = sourcecode.c.h; path = BaseNavController.h; sourceTree = "<group>"; };
		CD964CBA204AFD4100A9ECBC /* RootViewController.h */ = {isa = PBXFileReference; fileEncoding = 4; lastKnownFileType = sourcecode.c.h; path = RootViewController.h; sourceTree = "<group>"; };
		CD964CBB204AFD4100A9ECBC /* RootViewController.m */ = {isa = PBXFileReference; fileEncoding = 4; lastKnownFileType = sourcecode.c.objc; path = RootViewController.m; sourceTree = "<group>"; };
		CD964CC4204AFDB800A9ECBC /* TimelineVC.h */ = {isa = PBXFileReference; lastKnownFileType = sourcecode.c.h; path = TimelineVC.h; sourceTree = "<group>"; };
		CD964CC5204AFDB800A9ECBC /* TimelineVC.m */ = {isa = PBXFileReference; lastKnownFileType = sourcecode.c.objc; path = TimelineVC.m; sourceTree = "<group>"; };
		CD964CC7204AFDC200A9ECBC /* CalendarVC.h */ = {isa = PBXFileReference; lastKnownFileType = sourcecode.c.h; path = CalendarVC.h; sourceTree = "<group>"; };
		CD964CC8204AFDC200A9ECBC /* CalendarVC.m */ = {isa = PBXFileReference; lastKnownFileType = sourcecode.c.objc; path = CalendarVC.m; sourceTree = "<group>"; };
		CD964CCA204AFDCF00A9ECBC /* ReminderVC.h */ = {isa = PBXFileReference; lastKnownFileType = sourcecode.c.h; path = ReminderVC.h; sourceTree = "<group>"; };
		CD964CCB204AFDCF00A9ECBC /* ReminderVC.m */ = {isa = PBXFileReference; lastKnownFileType = sourcecode.c.objc; path = ReminderVC.m; sourceTree = "<group>"; };
		CD964CCD204AFDDF00A9ECBC /* MineVC.h */ = {isa = PBXFileReference; lastKnownFileType = sourcecode.c.h; path = MineVC.h; sourceTree = "<group>"; };
		CD964CCE204AFDDF00A9ECBC /* MineVC.m */ = {isa = PBXFileReference; lastKnownFileType = sourcecode.c.objc; path = MineVC.m; sourceTree = "<group>"; };
		CD964CD0204AFE5E00A9ECBC /* BaseViewController.m */ = {isa = PBXFileReference; fileEncoding = 4; lastKnownFileType = sourcecode.c.objc; path = BaseViewController.m; sourceTree = "<group>"; };
		CD964CD1204AFE5F00A9ECBC /* BaseViewController.h */ = {isa = PBXFileReference; fileEncoding = 4; lastKnownFileType = sourcecode.c.h; path = BaseViewController.h; sourceTree = "<group>"; };
		CDA5279D1FECD20E009C39EC /* HeartMate.app */ = {isa = PBXFileReference; explicitFileType = wrapper.application; includeInIndex = 0; path = HeartMate.app; sourceTree = BUILT_PRODUCTS_DIR; };
		CDA527A01FECD20E009C39EC /* AppDelegate.h */ = {isa = PBXFileReference; lastKnownFileType = sourcecode.c.h; path = AppDelegate.h; sourceTree = "<group>"; };
		CDA527A11FECD20E009C39EC /* AppDelegate.m */ = {isa = PBXFileReference; lastKnownFileType = sourcecode.c.objc; path = AppDelegate.m; sourceTree = "<group>"; };
		CDA527A31FECD20E009C39EC /* ViewController.h */ = {isa = PBXFileReference; lastKnownFileType = sourcecode.c.h; path = ViewController.h; sourceTree = "<group>"; };
		CDA527A41FECD20E009C39EC /* ViewController.m */ = {isa = PBXFileReference; lastKnownFileType = sourcecode.c.objc; path = ViewController.m; sourceTree = "<group>"; };
		CDA527A71FECD20E009C39EC /* Base */ = {isa = PBXFileReference; lastKnownFileType = file.storyboard; name = Base; path = Base.lproj/Main.storyboard; sourceTree = "<group>"; };
		CDA527A91FECD20E009C39EC /* Assets.xcassets */ = {isa = PBXFileReference; lastKnownFileType = folder.assetcatalog; path = Assets.xcassets; sourceTree = "<group>"; };
		CDA527AC1FECD20E009C39EC /* Base */ = {isa = PBXFileReference; lastKnownFileType = file.storyboard; name = Base; path = Base.lproj/LaunchScreen.storyboard; sourceTree = "<group>"; };
		CDA527AE1FECD20E009C39EC /* Info.plist */ = {isa = PBXFileReference; lastKnownFileType = text.plist.xml; path = Info.plist; sourceTree = "<group>"; };
		CDA527AF1FECD20E009C39EC /* main.m */ = {isa = PBXFileReference; lastKnownFileType = sourcecode.c.objc; path = main.m; sourceTree = "<group>"; };
		CDA527B61FECE6F1009C39EC /* PrefixHeader.pch */ = {isa = PBXFileReference; lastKnownFileType = sourcecode.c.h; path = PrefixHeader.pch; sourceTree = "<group>"; };
		CDCC7273204C31D800553F25 /* HMDefines.h */ = {isa = PBXFileReference; lastKnownFileType = sourcecode.c.h; path = HMDefines.h; sourceTree = "<group>"; };
		CDCC7274204C31D800553F25 /* HMDefines.m */ = {isa = PBXFileReference; lastKnownFileType = sourcecode.c.objc; path = HMDefines.m; sourceTree = "<group>"; };
		CDCC728D204D075B00553F25 /* TimelineTVC.h */ = {isa = PBXFileReference; lastKnownFileType = sourcecode.c.h; path = TimelineTVC.h; sourceTree = "<group>"; };
		CDCC728E204D075B00553F25 /* TimelineTVC.m */ = {isa = PBXFileReference; lastKnownFileType = sourcecode.c.objc; path = TimelineTVC.m; sourceTree = "<group>"; };
		CDCC728F204D075B00553F25 /* TimelineTVC.xib */ = {isa = PBXFileReference; lastKnownFileType = file.xib; path = TimelineTVC.xib; sourceTree = "<group>"; };
		CDCC7292204D0C4500553F25 /* HMTagButton.h */ = {isa = PBXFileReference; lastKnownFileType = sourcecode.c.h; path = HMTagButton.h; sourceTree = "<group>"; };
		CDCC7293204D0C4500553F25 /* HMTagButton.m */ = {isa = PBXFileReference; lastKnownFileType = sourcecode.c.objc; path = HMTagButton.m; sourceTree = "<group>"; };
		CDD5BBEA204AD257005D2FC5 /* HKCaptureSession.h */ = {isa = PBXFileReference; lastKnownFileType = sourcecode.c.h; path = HKCaptureSession.h; sourceTree = "<group>"; };
		CDD5BBEB204AD257005D2FC5 /* HKCaptureSession.m */ = {isa = PBXFileReference; lastKnownFileType = sourcecode.c.objc; path = HKCaptureSession.m; sourceTree = "<group>"; };
		CDD5BBF0204AD287005D2FC5 /* HKOutputView.h */ = {isa = PBXFileReference; lastKnownFileType = sourcecode.c.h; path = HKOutputView.h; sourceTree = "<group>"; };
		CDD5BBF1204AD287005D2FC5 /* HKOutputView.m */ = {isa = PBXFileReference; lastKnownFileType = sourcecode.c.objc; path = HKOutputView.m; sourceTree = "<group>"; };
		CDD5BBF4204AD2B7005D2FC5 /* HeartKit.h */ = {isa = PBXFileReference; lastKnownFileType = sourcecode.c.h; path = HeartKit.h; sourceTree = "<group>"; };
		CDE362D3204ED33400BD0865 /* HMReminder.h */ = {isa = PBXFileReference; lastKnownFileType = sourcecode.c.h; path = HMReminder.h; sourceTree = "<group>"; };
		CDE362D4204ED33400BD0865 /* HMReminder.m */ = {isa = PBXFileReference; lastKnownFileType = sourcecode.c.objc; path = HMReminder.m; sourceTree = "<group>"; };
		CDE362D6204ED69600BD0865 /* ReminderTV.h */ = {isa = PBXFileReference; lastKnownFileType = sourcecode.c.h; path = ReminderTV.h; sourceTree = "<group>"; };
		CDE362D7204ED69600BD0865 /* ReminderTV.m */ = {isa = PBXFileReference; lastKnownFileType = sourcecode.c.objc; path = ReminderTV.m; sourceTree = "<group>"; };
		CDE362D9204EDA5800BD0865 /* ReminderTVC.h */ = {isa = PBXFileReference; lastKnownFileType = sourcecode.c.h; path = ReminderTVC.h; sourceTree = "<group>"; };
		CDE362DA204EDA5800BD0865 /* ReminderTVC.m */ = {isa = PBXFileReference; lastKnownFileType = sourcecode.c.objc; path = ReminderTVC.m; sourceTree = "<group>"; };
		CDE362DB204EDA5800BD0865 /* ReminderTVC.xib */ = {isa = PBXFileReference; lastKnownFileType = file.xib; path = ReminderTVC.xib; sourceTree = "<group>"; };
		CDF4E739204E5E0A00DDD285 /* MineTV.h */ = {isa = PBXFileReference; lastKnownFileType = sourcecode.c.h; path = MineTV.h; sourceTree = "<group>"; };
		CDF4E73A204E5E0A00DDD285 /* MineTV.m */ = {isa = PBXFileReference; lastKnownFileType = sourcecode.c.objc; path = MineTV.m; sourceTree = "<group>"; };
/* End PBXFileReference section */

/* Begin PBXFrameworksBuildPhase section */
		CDA5279A1FECD20E009C39EC /* Frameworks */ = {
			isa = PBXFrameworksBuildPhase;
			buildActionMask = 2147483647;
			files = (
				EBE69086FBB6D4CFE2EA5881 /* Pods_HeartMate.framework in Frameworks */,
			);
			runOnlyForDeploymentPostprocessing = 0;
		};
/* End PBXFrameworksBuildPhase section */

/* Begin PBXGroup section */
		2169E84908DA855E4732369E /* Pods */ = {
			isa = PBXGroup;
			children = (
				9D514ABAF5D6810B2D9C6A99 /* Pods-CardiotachMate.debug.xcconfig */,
				983B29790E3937E207C8E55A /* Pods-CardiotachMate.release.xcconfig */,
				50DCEA47E464341C75301902 /* Pods-HeartMate.debug.xcconfig */,
				1689D13B55BEC752C2AE663B /* Pods-HeartMate.release.xcconfig */,
			);
			name = Pods;
			sourceTree = "<group>";
		};
		CD517D54204BD007001A6992 /* Record */ = {
			isa = PBXGroup;
			children = (
				CD517D55204BD034001A6992 /* RecordVC.h */,
				CD517D56204BD034001A6992 /* RecordVC.m */,
			);
			path = Record;
			sourceTree = "<group>";
		};
		CD88452D204E669F001F7AF1 /* Views */ = {
			isa = PBXGroup;
			children = (
				CD88452E204E66B5001F7AF1 /* HMGenderPicker.h */,
				CD88452F204E66B5001F7AF1 /* HMGenderPicker.m */,
				CD884537204E70FA001F7AF1 /* HMBirthdayPicker.h */,
				CD884538204E70FA001F7AF1 /* HMBirthdayPicker.m */,
				CD88453A204E719A001F7AF1 /* HMHeightPicker.h */,
				CD88453B204E719A001F7AF1 /* HMHeightPicker.m */,
				CD884540204E7399001F7AF1 /* HMWeightPicker.h */,
				CD884541204E7399001F7AF1 /* HMWeightPicker.m */,
			);
			path = Views;
			sourceTree = "<group>";
		};
		CD944147204F8DEC005BCC03 /* ReminderEdit */ = {
			isa = PBXGroup;
			children = (
				CD944148204F8E7B005BCC03 /* ReminderEditVC.h */,
				CD944149204F8E7B005BCC03 /* ReminderEditVC.m */,
				CD94414A204F8E7B005BCC03 /* ReminderEditVC.xib */,
			);
			path = ReminderEdit;
			sourceTree = "<group>";
		};
		CD944159204FB506005BCC03 /* Manager */ = {
			isa = PBXGroup;
			children = (
				CD944156204FB4FC005BCC03 /* LocalNotificationManager.h */,
				CD944157204FB4FC005BCC03 /* LocalNotificationManager.m */,
			);
			path = Manager;
			sourceTree = "<group>";
		};
		CD964CB5204AFD0400A9ECBC /* Base */ = {
			isa = PBXGroup;
			children = (
				CD964CB8204AFD4000A9ECBC /* BaseNavController.h */,
				CD964CB7204AFD4000A9ECBC /* BaseNavController.m */,
				CD964CBA204AFD4100A9ECBC /* RootViewController.h */,
				CD964CBB204AFD4100A9ECBC /* RootViewController.m */,
				CD964CB2204AFC2F00A9ECBC /* BaseTabBarController.h */,
				CD964CB3204AFC2F00A9ECBC /* BaseTabBarController.m */,
				CD964CB0204AFC1B00A9ECBC /* BaseTabBarController.json */,
				CD964CD1204AFE5F00A9ECBC /* BaseViewController.h */,
				CD964CD0204AFE5E00A9ECBC /* BaseViewController.m */,
			);
			path = Base;
			sourceTree = "<group>";
		};
		CD964CB6204AFD1D00A9ECBC /* Controllers */ = {
			isa = PBXGroup;
			children = (
				CD964CC0204AFD6400A9ECBC /* Timeline */,
				CD964CC1204AFD7000A9ECBC /* Calendar */,
				CD517D54204BD007001A6992 /* Record */,
				CD964CC2204AFD7600A9ECBC /* Reminder */,
				CD964CC3204AFD7B00A9ECBC /* Mine */,
			);
			path = Controllers;
			sourceTree = "<group>";
		};
		CD964CC0204AFD6400A9ECBC /* Timeline */ = {
			isa = PBXGroup;
			children = (
				CD964CC4204AFDB800A9ECBC /* TimelineVC.h */,
				CD964CC5204AFDB800A9ECBC /* TimelineVC.m */,
				CD517D58204BD3CB001A6992 /* TimelineTV.h */,
				CD517D59204BD3CB001A6992 /* TimelineTV.m */,
				CDCC728D204D075B00553F25 /* TimelineTVC.h */,
				CDCC728E204D075B00553F25 /* TimelineTVC.m */,
				CDCC728F204D075B00553F25 /* TimelineTVC.xib */,
			);
			path = Timeline;
			sourceTree = "<group>";
		};
		CD964CC1204AFD7000A9ECBC /* Calendar */ = {
			isa = PBXGroup;
			children = (
				CD964CC7204AFDC200A9ECBC /* CalendarVC.h */,
				CD964CC8204AFDC200A9ECBC /* CalendarVC.m */,
			);
			path = Calendar;
			sourceTree = "<group>";
		};
		CD964CC2204AFD7600A9ECBC /* Reminder */ = {
			isa = PBXGroup;
			children = (
				CD964CCA204AFDCF00A9ECBC /* ReminderVC.h */,
				CD964CCB204AFDCF00A9ECBC /* ReminderVC.m */,
				CDE362D6204ED69600BD0865 /* ReminderTV.h */,
				CDE362D7204ED69600BD0865 /* ReminderTV.m */,
				CDE362D9204EDA5800BD0865 /* ReminderTVC.h */,
				CDE362DA204EDA5800BD0865 /* ReminderTVC.m */,
				CDE362DB204EDA5800BD0865 /* ReminderTVC.xib */,
				CD944147204F8DEC005BCC03 /* ReminderEdit */,
			);
			path = Reminder;
			sourceTree = "<group>";
		};
		CD964CC3204AFD7B00A9ECBC /* Mine */ = {
			isa = PBXGroup;
			children = (
				CD964CCD204AFDDF00A9ECBC /* MineVC.h */,
				CD964CCE204AFDDF00A9ECBC /* MineVC.m */,
				CDF4E739204E5E0A00DDD285 /* MineTV.h */,
				CDF4E73A204E5E0A00DDD285 /* MineTV.m */,
				CD88452D204E669F001F7AF1 /* Views */,
			);
			path = Mine;
			sourceTree = "<group>";
		};
		CDA527941FECD20E009C39EC = {
			isa = PBXGroup;
			children = (
				CDA5279F1FECD20E009C39EC /* HeartMate */,
				CDA5279E1FECD20E009C39EC /* Products */,
				2169E84908DA855E4732369E /* Pods */,
				DBD427090297487EFCBEEEF6 /* Frameworks */,
			);
			sourceTree = "<group>";
		};
		CDA5279E1FECD20E009C39EC /* Products */ = {
			isa = PBXGroup;
			children = (
				CDA5279D1FECD20E009C39EC /* HeartMate.app */,
			);
			name = Products;
			sourceTree = "<group>";
		};
		CDA5279F1FECD20E009C39EC /* HeartMate */ = {
			isa = PBXGroup;
			children = (
				CDA527B61FECE6F1009C39EC /* PrefixHeader.pch */,
				CDA527A31FECD20E009C39EC /* ViewController.h */,
				CDA527A41FECD20E009C39EC /* ViewController.m */,
				CDA527A01FECD20E009C39EC /* AppDelegate.h */,
				CDA527A11FECD20E009C39EC /* AppDelegate.m */,
				CDCC7273204C31D800553F25 /* HMDefines.h */,
				CDCC7274204C31D800553F25 /* HMDefines.m */,
				CD884546204E7AA0001F7AF1 /* HMUtilities.h */,
				CD884547204E7AA0001F7AF1 /* HMUtilities.m */,
				CD884543204E7520001F7AF1 /* HMContext.h */,
				CD884544204E7520001F7AF1 /* HMContext.m */,
				CD43DA13204D5D210005C077 /* UIFontHelper+HMFont.h */,
				CD43DA14204D5D210005C077 /* UIFontHelper+HMFont.m */,
				CD964CB5204AFD0400A9ECBC /* Base */,
				CD964CB6204AFD1D00A9ECBC /* Controllers */,
				CDD5BBF3204AD292005D2FC5 /* HeartKit */,
				CDA527A61FECD20E009C39EC /* Main.storyboard */,
				CDCC728B204D066800553F25 /* RLMDataModels */,
				CDA527A91FECD20E009C39EC /* Assets.xcassets */,
				CDCC728C204D069300553F25 /* Views */,
				CD944159204FB506005BCC03 /* Manager */,
				CDA527AB1FECD20E009C39EC /* LaunchScreen.storyboard */,
				CDA527AE1FECD20E009C39EC /* Info.plist */,
				CDA527AF1FECD20E009C39EC /* main.m */,
			);
			path = HeartMate;
			sourceTree = "<group>";
		};
		CDCC728B204D066800553F25 /* RLMDataModels */ = {
			isa = PBXGroup;
			children = (
				CD517D3F204BAC28001A6992 /* HMData.h */,
				CD517D40204BAC28001A6992 /* HMData.m */,
				CD517D51204BCF7B001A6992 /* HMUser.h */,
				CD517D52204BCF7B001A6992 /* HMUser.m */,
				CD517D4B204BC387001A6992 /* HMHeartRate.h */,
				CD517D4C204BC387001A6992 /* HMHeartRate.m */,
				CDE362D3204ED33400BD0865 /* HMReminder.h */,
				CDE362D4204ED33400BD0865 /* HMReminder.m */,
			);
			path = RLMDataModels;
			sourceTree = "<group>";
		};
		CDCC728C204D069300553F25 /* Views */ = {
			isa = PBXGroup;
			children = (
				CDCC7292204D0C4500553F25 /* HMTagButton.h */,
				CDCC7293204D0C4500553F25 /* HMTagButton.m */,
				CD884531204E67F2001F7AF1 /* BasePickerView.h */,
				CD884532204E67F2001F7AF1 /* BasePickerView.m */,
				CD884534204E684A001F7AF1 /* BaseAlertController.h */,
				CD884535204E684A001F7AF1 /* BaseAlertController.m */,
				CD884549204E8D7F001F7AF1 /* HMTableFootnoteView.h */,
				CD88454A204E8D7F001F7AF1 /* HMTableFootnoteView.m */,
				CD944141204F7D98005BCC03 /* RecordStartButton.h */,
				CD944142204F7D98005BCC03 /* RecordStartButton.m */,
				CD94414D204F95D6005BCC03 /* HMWideButton.h */,
				CD94414E204F95D6005BCC03 /* HMWideButton.m */,
				CD944150204F9816005BCC03 /* BaseTextField.h */,
				CD944151204F9816005BCC03 /* BaseTextField.m */,
				CD944153204F9848005BCC03 /* BaseTextView.h */,
				CD944154204F9848005BCC03 /* BaseTextView.m */,
			);
			path = Views;
			sourceTree = "<group>";
		};
		CDD5BBF3204AD292005D2FC5 /* HeartKit */ = {
			isa = PBXGroup;
			children = (
				CDD5BBF4204AD2B7005D2FC5 /* HeartKit.h */,
				CDD5BBEA204AD257005D2FC5 /* HKCaptureSession.h */,
				CDD5BBEB204AD257005D2FC5 /* HKCaptureSession.m */,
				CDD5BBF0204AD287005D2FC5 /* HKOutputView.h */,
				CDD5BBF1204AD287005D2FC5 /* HKOutputView.m */,
				CD964CAA204AD88900A9ECBC /* HKRecord.h */,
				CD964CAB204AD88900A9ECBC /* HKRecord.m */,
			);
			path = HeartKit;
			sourceTree = "<group>";
		};
		DBD427090297487EFCBEEEF6 /* Frameworks */ = {
			isa = PBXGroup;
			children = (
				887175E55E5A0CC8CFA108C8 /* Pods_CardiotachMate.framework */,
				88AC075923DC9F7FBC6678A6 /* Pods_HeartMate.framework */,
			);
			name = Frameworks;
			sourceTree = "<group>";
		};
/* End PBXGroup section */

/* Begin PBXNativeTarget section */
		CDA5279C1FECD20E009C39EC /* HeartMate */ = {
			isa = PBXNativeTarget;
			buildConfigurationList = CDA527B31FECD20E009C39EC /* Build configuration list for PBXNativeTarget "HeartMate" */;
			buildPhases = (
				493769C85A860DA768A88748 /* [CP] Check Pods Manifest.lock */,
				CDA527991FECD20E009C39EC /* Sources */,
				CDA5279A1FECD20E009C39EC /* Frameworks */,
				CDA5279B1FECD20E009C39EC /* Resources */,
				775E0DBE096EB0985F05C644 /* [CP] Embed Pods Frameworks */,
				CC32EA107C5D2A0A9E607866 /* [CP] Copy Pods Resources */,
			);
			buildRules = (
			);
			dependencies = (
			);
			name = HeartMate;
			productName = CardiotachMate;
			productReference = CDA5279D1FECD20E009C39EC /* HeartMate.app */;
			productType = "com.apple.product-type.application";
		};
/* End PBXNativeTarget section */

/* Begin PBXProject section */
		CDA527951FECD20E009C39EC /* Project object */ = {
			isa = PBXProject;
			attributes = {
				CLASSPREFIX = HM;
				LastUpgradeCheck = 0920;
				ORGANIZATIONNAME = xaoxuu;
				TargetAttributes = {
					CDA5279C1FECD20E009C39EC = {
						CreatedOnToolsVersion = 9.2;
						ProvisioningStyle = Manual;
					};
				};
			};
			buildConfigurationList = CDA527981FECD20E009C39EC /* Build configuration list for PBXProject "HeartMate" */;
			compatibilityVersion = "Xcode 8.0";
			developmentRegion = en;
			hasScannedForEncodings = 0;
			knownRegions = (
				en,
				Base,
			);
			mainGroup = CDA527941FECD20E009C39EC;
			productRefGroup = CDA5279E1FECD20E009C39EC /* Products */;
			projectDirPath = "";
			projectRoot = "";
			targets = (
				CDA5279C1FECD20E009C39EC /* HeartMate */,
			);
		};
/* End PBXProject section */

/* Begin PBXResourcesBuildPhase section */
		CDA5279B1FECD20E009C39EC /* Resources */ = {
			isa = PBXResourcesBuildPhase;
			buildActionMask = 2147483647;
			files = (
				CD94414C204F8E7B005BCC03 /* ReminderEditVC.xib in Resources */,
				CD964CB1204AFC1B00A9ECBC /* BaseTabBarController.json in Resources */,
				CDA527AD1FECD20E009C39EC /* LaunchScreen.storyboard in Resources */,
				CDCC7291204D075B00553F25 /* TimelineTVC.xib in Resources */,
				CDE362DD204EDA5800BD0865 /* ReminderTVC.xib in Resources */,
				CDA527AA1FECD20E009C39EC /* Assets.xcassets in Resources */,
				CDA527A81FECD20E009C39EC /* Main.storyboard in Resources */,
			);
			runOnlyForDeploymentPostprocessing = 0;
		};
/* End PBXResourcesBuildPhase section */

/* Begin PBXShellScriptBuildPhase section */
		493769C85A860DA768A88748 /* [CP] Check Pods Manifest.lock */ = {
			isa = PBXShellScriptBuildPhase;
			buildActionMask = 2147483647;
			files = (
			);
			inputPaths = (
				"${PODS_PODFILE_DIR_PATH}/Podfile.lock",
				"${PODS_ROOT}/Manifest.lock",
			);
			name = "[CP] Check Pods Manifest.lock";
			outputPaths = (
				"$(DERIVED_FILE_DIR)/Pods-HeartMate-checkManifestLockResult.txt",
			);
			runOnlyForDeploymentPostprocessing = 0;
			shellPath = /bin/sh;
			shellScript = "diff \"${PODS_PODFILE_DIR_PATH}/Podfile.lock\" \"${PODS_ROOT}/Manifest.lock\" > /dev/null\nif [ $? != 0 ] ; then\n    # print error to STDERR\n    echo \"error: The sandbox is not in sync with the Podfile.lock. Run 'pod install' or update your CocoaPods installation.\" >&2\n    exit 1\nfi\n# This output is used by Xcode 'outputs' to avoid re-running this script phase.\necho \"SUCCESS\" > \"${SCRIPT_OUTPUT_FILE_0}\"\n";
			showEnvVarsInLog = 0;
		};
		775E0DBE096EB0985F05C644 /* [CP] Embed Pods Frameworks */ = {
			isa = PBXShellScriptBuildPhase;
			buildActionMask = 2147483647;
			files = (
			);
			inputPaths = (
				"${SRCROOT}/Pods/Target Support Files/Pods-HeartMate/Pods-HeartMate-frameworks.sh",
				"${BUILT_PRODUCTS_DIR}/AXKit/AXKit.framework",
				"${BUILT_PRODUCTS_DIR}/FMDB/FMDB.framework",
				"${BUILT_PRODUCTS_DIR}/IQKeyboardManager/IQKeyboardManager.framework",
				"${BUILT_PRODUCTS_DIR}/MJRefresh/MJRefresh.framework",
				"${BUILT_PRODUCTS_DIR}/MaterialControls/MaterialControls.framework",
				"${BUILT_PRODUCTS_DIR}/Realm/Realm.framework",
				"${BUILT_PRODUCTS_DIR}/SDWebImage/SDWebImage.framework",
				"${BUILT_PRODUCTS_DIR}/YYKit/YYKit.framework",
			);
			name = "[CP] Embed Pods Frameworks";
			outputPaths = (
				"${TARGET_BUILD_DIR}/${FRAMEWORKS_FOLDER_PATH}/AXKit.framework",
				"${TARGET_BUILD_DIR}/${FRAMEWORKS_FOLDER_PATH}/FMDB.framework",
				"${TARGET_BUILD_DIR}/${FRAMEWORKS_FOLDER_PATH}/IQKeyboardManager.framework",
				"${TARGET_BUILD_DIR}/${FRAMEWORKS_FOLDER_PATH}/MJRefresh.framework",
				"${TARGET_BUILD_DIR}/${FRAMEWORKS_FOLDER_PATH}/MaterialControls.framework",
				"${TARGET_BUILD_DIR}/${FRAMEWORKS_FOLDER_PATH}/Realm.framework",
				"${TARGET_BUILD_DIR}/${FRAMEWORKS_FOLDER_PATH}/SDWebImage.framework",
				"${TARGET_BUILD_DIR}/${FRAMEWORKS_FOLDER_PATH}/YYKit.framework",
			);
			runOnlyForDeploymentPostprocessing = 0;
			shellPath = /bin/sh;
			shellScript = "\"${SRCROOT}/Pods/Target Support Files/Pods-HeartMate/Pods-HeartMate-frameworks.sh\"\n";
			showEnvVarsInLog = 0;
		};
		CC32EA107C5D2A0A9E607866 /* [CP] Copy Pods Resources */ = {
			isa = PBXShellScriptBuildPhase;
			buildActionMask = 2147483647;
			files = (
			);
			inputPaths = (
			);
			name = "[CP] Copy Pods Resources";
			outputPaths = (
			);
			runOnlyForDeploymentPostprocessing = 0;
			shellPath = /bin/sh;
			shellScript = "\"${SRCROOT}/Pods/Target Support Files/Pods-HeartMate/Pods-HeartMate-resources.sh\"\n";
			showEnvVarsInLog = 0;
		};
/* End PBXShellScriptBuildPhase section */

/* Begin PBXSourcesBuildPhase section */
		CDA527991FECD20E009C39EC /* Sources */ = {
			isa = PBXSourcesBuildPhase;
			buildActionMask = 2147483647;
			files = (
				CD517D5A204BD3CB001A6992 /* TimelineTV.m in Sources */,
				CD964CC6204AFDB800A9ECBC /* TimelineVC.m in Sources */,
				CD944143204F7D98005BCC03 /* RecordStartButton.m in Sources */,
				CDCC7290204D075B00553F25 /* TimelineTVC.m in Sources */,
				CD884539204E70FA001F7AF1 /* HMBirthdayPicker.m in Sources */,
				CD517D41204BAC28001A6992 /* HMData.m in Sources */,
				CD964CCC204AFDCF00A9ECBC /* ReminderVC.m in Sources */,
				CD94414F204F95D6005BCC03 /* HMWideButton.m in Sources */,
				CD884542204E7399001F7AF1 /* HMWeightPicker.m in Sources */,
				CD964CC9204AFDC200A9ECBC /* CalendarVC.m in Sources */,
				CDE362D8204ED69600BD0865 /* ReminderTV.m in Sources */,
				CDF4E73B204E5E0A00DDD285 /* MineTV.m in Sources */,
				CD884536204E684A001F7AF1 /* BaseAlertController.m in Sources */,
				CD88454B204E8D7F001F7AF1 /* HMTableFootnoteView.m in Sources */,
				CD944152204F9816005BCC03 /* BaseTextField.m in Sources */,
				CD964CCF204AFDDF00A9ECBC /* MineVC.m in Sources */,
				CDCC7294204D0C4500553F25 /* HMTagButton.m in Sources */,
				CD964CBF204AFD4100A9ECBC /* RootViewController.m in Sources */,
				CD517D53204BCF7B001A6992 /* HMUser.m in Sources */,
				CDA527A51FECD20E009C39EC /* ViewController.m in Sources */,
				CDD5BBF2204AD287005D2FC5 /* HKOutputView.m in Sources */,
				CD43DA15204D5D210005C077 /* UIFontHelper+HMFont.m in Sources */,
				CD944158204FB4FC005BCC03 /* LocalNotificationManager.m in Sources */,
				CD517D57204BD034001A6992 /* RecordVC.m in Sources */,
				CD964CD2204AFE5F00A9ECBC /* BaseViewController.m in Sources */,
				CD964CB4204AFC2F00A9ECBC /* BaseTabBarController.m in Sources */,
				CD884533204E67F2001F7AF1 /* BasePickerView.m in Sources */,
				CDE362DC204EDA5800BD0865 /* ReminderTVC.m in Sources */,
				CDE362D5204ED33400BD0865 /* HMReminder.m in Sources */,
				CD94414B204F8E7B005BCC03 /* ReminderEditVC.m in Sources */,
				CDCC7275204C31D800553F25 /* HMDefines.m in Sources */,
				CDA527B01FECD20E009C39EC /* main.m in Sources */,
				CD884530204E66B5001F7AF1 /* HMGenderPicker.m in Sources */,
				CD88453C204E719A001F7AF1 /* HMHeightPicker.m in Sources */,
				CD884548204E7AA0001F7AF1 /* HMUtilities.m in Sources */,
				CD884545204E7520001F7AF1 /* HMContext.m in Sources */,
				CD944155204F9848005BCC03 /* BaseTextView.m in Sources */,
				CD517D4D204BC387001A6992 /* HMHeartRate.m in Sources */,
				CD964CBD204AFD4100A9ECBC /* BaseNavController.m in Sources */,
				CDD5BBEC204AD257005D2FC5 /* HKCaptureSession.m in Sources */,
				CDA527A21FECD20E009C39EC /* AppDelegate.m in Sources */,
				CD964CAC204AD88900A9ECBC /* HKRecord.m in Sources */,
			);
			runOnlyForDeploymentPostprocessing = 0;
		};
/* End PBXSourcesBuildPhase section */

/* Begin PBXVariantGroup section */
		CDA527A61FECD20E009C39EC /* Main.storyboard */ = {
			isa = PBXVariantGroup;
			children = (
				CDA527A71FECD20E009C39EC /* Base */,
			);
			name = Main.storyboard;
			sourceTree = "<group>";
		};
		CDA527AB1FECD20E009C39EC /* LaunchScreen.storyboard */ = {
			isa = PBXVariantGroup;
			children = (
				CDA527AC1FECD20E009C39EC /* Base */,
			);
			name = LaunchScreen.storyboard;
			sourceTree = "<group>";
		};
/* End PBXVariantGroup section */

/* Begin XCBuildConfiguration section */
		CDA527B11FECD20E009C39EC /* Debug */ = {
			isa = XCBuildConfiguration;
			buildSettings = {
				ALWAYS_SEARCH_USER_PATHS = NO;
				CLANG_ANALYZER_NONNULL = YES;
				CLANG_ANALYZER_NUMBER_OBJECT_CONVERSION = YES_AGGRESSIVE;
				CLANG_CXX_LANGUAGE_STANDARD = "gnu++14";
				CLANG_CXX_LIBRARY = "libc++";
				CLANG_ENABLE_MODULES = YES;
				CLANG_ENABLE_OBJC_ARC = YES;
				CLANG_WARN_BLOCK_CAPTURE_AUTORELEASING = YES;
				CLANG_WARN_BOOL_CONVERSION = YES;
				CLANG_WARN_COMMA = YES;
				CLANG_WARN_CONSTANT_CONVERSION = YES;
				CLANG_WARN_DIRECT_OBJC_ISA_USAGE = YES_ERROR;
				CLANG_WARN_DOCUMENTATION_COMMENTS = YES;
				CLANG_WARN_EMPTY_BODY = YES;
				CLANG_WARN_ENUM_CONVERSION = YES;
				CLANG_WARN_INFINITE_RECURSION = YES;
				CLANG_WARN_INT_CONVERSION = YES;
				CLANG_WARN_NON_LITERAL_NULL_CONVERSION = YES;
				CLANG_WARN_OBJC_LITERAL_CONVERSION = YES;
				CLANG_WARN_OBJC_ROOT_CLASS = YES_ERROR;
				CLANG_WARN_RANGE_LOOP_ANALYSIS = YES;
				CLANG_WARN_STRICT_PROTOTYPES = YES;
				CLANG_WARN_SUSPICIOUS_MOVE = YES;
				CLANG_WARN_UNGUARDED_AVAILABILITY = YES_AGGRESSIVE;
				CLANG_WARN_UNREACHABLE_CODE = YES;
				CLANG_WARN__DUPLICATE_METHOD_MATCH = YES;
				CODE_SIGN_IDENTITY = "iPhone Developer";
				COPY_PHASE_STRIP = NO;
				DEBUG_INFORMATION_FORMAT = dwarf;
				ENABLE_STRICT_OBJC_MSGSEND = YES;
				ENABLE_TESTABILITY = YES;
				GCC_C_LANGUAGE_STANDARD = gnu11;
				GCC_DYNAMIC_NO_PIC = NO;
				GCC_NO_COMMON_BLOCKS = YES;
				GCC_OPTIMIZATION_LEVEL = 0;
				GCC_PREPROCESSOR_DEFINITIONS = (
					"DEBUG=1",
					"$(inherited)",
				);
				GCC_WARN_64_TO_32_BIT_CONVERSION = YES;
				GCC_WARN_ABOUT_RETURN_TYPE = YES_ERROR;
				GCC_WARN_UNDECLARED_SELECTOR = YES;
				GCC_WARN_UNINITIALIZED_AUTOS = YES_AGGRESSIVE;
				GCC_WARN_UNUSED_FUNCTION = YES;
				GCC_WARN_UNUSED_VARIABLE = YES;
				IPHONEOS_DEPLOYMENT_TARGET = 8.0;
				MTL_ENABLE_DEBUG_INFO = YES;
				ONLY_ACTIVE_ARCH = YES;
				SDKROOT = iphoneos;
			};
			name = Debug;
		};
		CDA527B21FECD20E009C39EC /* Release */ = {
			isa = XCBuildConfiguration;
			buildSettings = {
				ALWAYS_SEARCH_USER_PATHS = NO;
				CLANG_ANALYZER_NONNULL = YES;
				CLANG_ANALYZER_NUMBER_OBJECT_CONVERSION = YES_AGGRESSIVE;
				CLANG_CXX_LANGUAGE_STANDARD = "gnu++14";
				CLANG_CXX_LIBRARY = "libc++";
				CLANG_ENABLE_MODULES = YES;
				CLANG_ENABLE_OBJC_ARC = YES;
				CLANG_WARN_BLOCK_CAPTURE_AUTORELEASING = YES;
				CLANG_WARN_BOOL_CONVERSION = YES;
				CLANG_WARN_COMMA = YES;
				CLANG_WARN_CONSTANT_CONVERSION = YES;
				CLANG_WARN_DIRECT_OBJC_ISA_USAGE = YES_ERROR;
				CLANG_WARN_DOCUMENTATION_COMMENTS = YES;
				CLANG_WARN_EMPTY_BODY = YES;
				CLANG_WARN_ENUM_CONVERSION = YES;
				CLANG_WARN_INFINITE_RECURSION = YES;
				CLANG_WARN_INT_CONVERSION = YES;
				CLANG_WARN_NON_LITERAL_NULL_CONVERSION = YES;
				CLANG_WARN_OBJC_LITERAL_CONVERSION = YES;
				CLANG_WARN_OBJC_ROOT_CLASS = YES_ERROR;
				CLANG_WARN_RANGE_LOOP_ANALYSIS = YES;
				CLANG_WARN_STRICT_PROTOTYPES = YES;
				CLANG_WARN_SUSPICIOUS_MOVE = YES;
				CLANG_WARN_UNGUARDED_AVAILABILITY = YES_AGGRESSIVE;
				CLANG_WARN_UNREACHABLE_CODE = YES;
				CLANG_WARN__DUPLICATE_METHOD_MATCH = YES;
				CODE_SIGN_IDENTITY = "iPhone Developer";
				COPY_PHASE_STRIP = NO;
				DEBUG_INFORMATION_FORMAT = "dwarf-with-dsym";
				ENABLE_NS_ASSERTIONS = NO;
				ENABLE_STRICT_OBJC_MSGSEND = YES;
				GCC_C_LANGUAGE_STANDARD = gnu11;
				GCC_NO_COMMON_BLOCKS = YES;
				GCC_WARN_64_TO_32_BIT_CONVERSION = YES;
				GCC_WARN_ABOUT_RETURN_TYPE = YES_ERROR;
				GCC_WARN_UNDECLARED_SELECTOR = YES;
				GCC_WARN_UNINITIALIZED_AUTOS = YES_AGGRESSIVE;
				GCC_WARN_UNUSED_FUNCTION = YES;
				GCC_WARN_UNUSED_VARIABLE = YES;
				IPHONEOS_DEPLOYMENT_TARGET = 8.0;
				MTL_ENABLE_DEBUG_INFO = NO;
				SDKROOT = iphoneos;
				VALIDATE_PRODUCT = YES;
			};
			name = Release;
		};
		CDA527B41FECD20E009C39EC /* Debug */ = {
			isa = XCBuildConfiguration;
			baseConfigurationReference = 50DCEA47E464341C75301902 /* Pods-HeartMate.debug.xcconfig */;
			buildSettings = {
				ASSETCATALOG_COMPILER_APPICON_NAME = AppIcon;
				CODE_SIGN_STYLE = Manual;
				DEVELOPMENT_TEAM = D6M452FYRP;
				GCC_PREFIX_HEADER = HeartMate/PrefixHeader.pch;
				INFOPLIST_FILE = "$(SRCROOT)/HeartMate/Info.plist";
				LD_RUNPATH_SEARCH_PATHS = "$(inherited) @executable_path/Frameworks";
				PRODUCT_BUNDLE_IDENTIFIER = com.hinteen.CardiotachMate;
				PRODUCT_NAME = "$(TARGET_NAME)";
				PROVISIONING_PROFILE = "b9f70955-ff2b-4c81-88f7-cee73fa0d63c";
				PROVISIONING_PROFILE_SPECIFIER = HeartMate_Dev;
				TARGETED_DEVICE_FAMILY = "1,2";
			};
			name = Debug;
		};
		CDA527B51FECD20E009C39EC /* Release */ = {
			isa = XCBuildConfiguration;
			baseConfigurationReference = 1689D13B55BEC752C2AE663B /* Pods-HeartMate.release.xcconfig */;
			buildSettings = {
				ASSETCATALOG_COMPILER_APPICON_NAME = AppIcon;
				CODE_SIGN_IDENTITY = "iPhone Distribution";
				"CODE_SIGN_IDENTITY[sdk=iphoneos*]" = "iPhone Distribution";
				CODE_SIGN_STYLE = Manual;
				DEVELOPMENT_TEAM = D6M452FYRP;
				GCC_PREFIX_HEADER = HeartMate/PrefixHeader.pch;
				INFOPLIST_FILE = "$(SRCROOT)/HeartMate/Info.plist";
				LD_RUNPATH_SEARCH_PATHS = "$(inherited) @executable_path/Frameworks";
				PRODUCT_BUNDLE_IDENTIFIER = com.hinteen.CardiotachMate;
				PRODUCT_NAME = "$(TARGET_NAME)";
				PROVISIONING_PROFILE = "63b7349d-406f-45ba-9745-083a84173fd9";
				PROVISIONING_PROFILE_SPECIFIER = HeartMate_Dis;
				TARGETED_DEVICE_FAMILY = "1,2";
			};
			name = Release;
		};
/* End XCBuildConfiguration section */

/* Begin XCConfigurationList section */
		CDA527981FECD20E009C39EC /* Build configuration list for PBXProject "HeartMate" */ = {
			isa = XCConfigurationList;
			buildConfigurations = (
				CDA527B11FECD20E009C39EC /* Debug */,
				CDA527B21FECD20E009C39EC /* Release */,
			);
			defaultConfigurationIsVisible = 0;
			defaultConfigurationName = Release;
		};
		CDA527B31FECD20E009C39EC /* Build configuration list for PBXNativeTarget "HeartMate" */ = {
			isa = XCConfigurationList;
			buildConfigurations = (
				CDA527B41FECD20E009C39EC /* Debug */,
				CDA527B51FECD20E009C39EC /* Release */,
			);
			defaultConfigurationIsVisible = 0;
			defaultConfigurationName = Release;
		};
/* End XCConfigurationList section */
	};
	rootObject = CDA527951FECD20E009C39EC /* Project object */;
}
