// !$*UTF8*$!
{
	archiveVersion = 1;
	classes = {
	};
	objectVersion = 48;
	objects = {

/* Begin PBXBuildFile section */
		1751DF36B9995837226F2D8D /* Pods_CardiotachMate.framework in Frameworks */ = {isa = PBXBuildFile; fileRef = 887175E55E5A0CC8CFA108C8 /* Pods_CardiotachMate.framework */; };
		CD517D41204BAC28001A6992 /* HMData.m in Sources */ = {isa = PBXBuildFile; fileRef = CD517D40204BAC28001A6992 /* HMData.m */; };
		CD964CAC204AD88900A9ECBC /* HKRecord.m in Sources */ = {isa = PBXBuildFile; fileRef = CD964CAB204AD88900A9ECBC /* HKRecord.m */; };
		CD964CB1204AFC1B00A9ECBC /* BaseTabBarController.json in Resources */ = {isa = PBXBuildFile; fileRef = CD964CB0204AFC1B00A9ECBC /* BaseTabBarController.json */; };
		CD964CB4204AFC2F00A9ECBC /* BaseTabBarController.m in Sources */ = {isa = PBXBuildFile; fileRef = CD964CB3204AFC2F00A9ECBC /* BaseTabBarController.m */; };
		CD964CBD204AFD4100A9ECBC /* BaseNavController.m in Sources */ = {isa = PBXBuildFile; fileRef = CD964CB7204AFD4000A9ECBC /* BaseNavController.m */; };
		CD964CBF204AFD4100A9ECBC /* RootViewController.m in Sources */ = {isa = PBXBuildFile; fileRef = CD964CBB204AFD4100A9ECBC /* RootViewController.m */; };
		CD964CC6204AFDB800A9ECBC /* TimelineVC.m in Sources */ = {isa = PBXBuildFile; fileRef = CD964CC5204AFDB800A9ECBC /* TimelineVC.m */; };
		CD964CC9204AFDC200A9ECBC /* CalendarVC.m in Sources */ = {isa = PBXBuildFile; fileRef = CD964CC8204AFDC200A9ECBC /* CalendarVC.m */; };
		CD964CCC204AFDCF00A9ECBC /* MessageVC.m in Sources */ = {isa = PBXBuildFile; fileRef = CD964CCB204AFDCF00A9ECBC /* MessageVC.m */; };
		CD964CCF204AFDDF00A9ECBC /* MineVC.m in Sources */ = {isa = PBXBuildFile; fileRef = CD964CCE204AFDDF00A9ECBC /* MineVC.m */; };
		CD964CD2204AFE5F00A9ECBC /* BaseViewController.m in Sources */ = {isa = PBXBuildFile; fileRef = CD964CD0204AFE5E00A9ECBC /* BaseViewController.m */; };
		CDA527A21FECD20E009C39EC /* AppDelegate.m in Sources */ = {isa = PBXBuildFile; fileRef = CDA527A11FECD20E009C39EC /* AppDelegate.m */; };
		CDA527A51FECD20E009C39EC /* ViewController.m in Sources */ = {isa = PBXBuildFile; fileRef = CDA527A41FECD20E009C39EC /* ViewController.m */; };
		CDA527A81FECD20E009C39EC /* Main.storyboard in Resources */ = {isa = PBXBuildFile; fileRef = CDA527A61FECD20E009C39EC /* Main.storyboard */; };
		CDA527AA1FECD20E009C39EC /* Assets.xcassets in Resources */ = {isa = PBXBuildFile; fileRef = CDA527A91FECD20E009C39EC /* Assets.xcassets */; };
		CDA527AD1FECD20E009C39EC /* LaunchScreen.storyboard in Resources */ = {isa = PBXBuildFile; fileRef = CDA527AB1FECD20E009C39EC /* LaunchScreen.storyboard */; };
		CDA527B01FECD20E009C39EC /* main.m in Sources */ = {isa = PBXBuildFile; fileRef = CDA527AF1FECD20E009C39EC /* main.m */; };
		CDD5BBE3204AB8DC005D2FC5 /* HeartLive.m in Sources */ = {isa = PBXBuildFile; fileRef = CDD5BBE1204AB8DC005D2FC5 /* HeartLive.m */; };
		CDD5BBEC204AD257005D2FC5 /* HKCaptureSession.m in Sources */ = {isa = PBXBuildFile; fileRef = CDD5BBEB204AD257005D2FC5 /* HKCaptureSession.m */; };
		CDD5BBF2204AD287005D2FC5 /* HKCaptureOutput.m in Sources */ = {isa = PBXBuildFile; fileRef = CDD5BBF1204AD287005D2FC5 /* HKCaptureOutput.m */; };
/* End PBXBuildFile section */

/* Begin PBXFileReference section */
		887175E55E5A0CC8CFA108C8 /* Pods_CardiotachMate.framework */ = {isa = PBXFileReference; explicitFileType = wrapper.framework; includeInIndex = 0; path = Pods_CardiotachMate.framework; sourceTree = BUILT_PRODUCTS_DIR; };
		983B29790E3937E207C8E55A /* Pods-CardiotachMate.release.xcconfig */ = {isa = PBXFileReference; includeInIndex = 1; lastKnownFileType = text.xcconfig; name = "Pods-CardiotachMate.release.xcconfig"; path = "Pods/Target Support Files/Pods-CardiotachMate/Pods-CardiotachMate.release.xcconfig"; sourceTree = "<group>"; };
		9D514ABAF5D6810B2D9C6A99 /* Pods-CardiotachMate.debug.xcconfig */ = {isa = PBXFileReference; includeInIndex = 1; lastKnownFileType = text.xcconfig; name = "Pods-CardiotachMate.debug.xcconfig"; path = "Pods/Target Support Files/Pods-CardiotachMate/Pods-CardiotachMate.debug.xcconfig"; sourceTree = "<group>"; };
		CD517D3F204BAC28001A6992 /* HMData.h */ = {isa = PBXFileReference; lastKnownFileType = sourcecode.c.h; path = HMData.h; sourceTree = "<group>"; };
		CD517D40204BAC28001A6992 /* HMData.m */ = {isa = PBXFileReference; lastKnownFileType = sourcecode.c.objc; path = HMData.m; sourceTree = "<group>"; };
		CD964CAA204AD88900A9ECBC /* HKRecord.h */ = {isa = PBXFileReference; lastKnownFileType = sourcecode.c.h; path = HKRecord.h; sourceTree = "<group>"; };
		CD964CAB204AD88900A9ECBC /* HKRecord.m */ = {isa = PBXFileReference; lastKnownFileType = sourcecode.c.objc; path = HKRecord.m; sourceTree = "<group>"; };
		CD964CB0204AFC1B00A9ECBC /* BaseTabBarController.json */ = {isa = PBXFileReference; fileEncoding = 4; lastKnownFileType = text.json; path = BaseTabBarController.json; sourceTree = "<group>"; };
		CD964CB2204AFC2F00A9ECBC /* BaseTabBarController.h */ = {isa = PBXFileReference; lastKnownFileType = sourcecode.c.h; path = BaseTabBarController.h; sourceTree = "<group>"; };
		CD964CB3204AFC2F00A9ECBC /* BaseTabBarController.m */ = {isa = PBXFileReference; lastKnownFileType = sourcecode.c.objc; path = BaseTabBarController.m; sourceTree = "<group>"; };
		CD964CB7204AFD4000A9ECBC /* BaseNavController.m */ = {isa = PBXFileReference; fileEncoding = 4; lastKnownFileType = sourcecode.c.objc; path = BaseNavController.m; sourceTree = "<group>"; };
		CD964CB8204AFD4000A9ECBC /* BaseNavController.h */ = {isa = PBXFileReference; fileEncoding = 4; lastKnownFileType = sourcecode.c.h; path = BaseNavController.h; sourceTree = "<group>"; };
		CD964CBA204AFD4100A9ECBC /* RootViewController.h */ = {isa = PBXFileReference; fileEncoding = 4; lastKnownFileType = sourcecode.c.h; path = RootViewController.h; sourceTree = "<group>"; };
		CD964CBB204AFD4100A9ECBC /* RootViewController.m */ = {isa = PBXFileReference; fileEncoding = 4; lastKnownFileType = sourcecode.c.objc; path = RootViewController.m; sourceTree = "<group>"; };
		CD964CC4204AFDB800A9ECBC /* TimelineVC.h */ = {isa = PBXFileReference; lastKnownFileType = sourcecode.c.h; path = TimelineVC.h; sourceTree = "<group>"; };
		CD964CC5204AFDB800A9ECBC /* TimelineVC.m */ = {isa = PBXFileReference; lastKnownFileType = sourcecode.c.objc; path = TimelineVC.m; sourceTree = "<group>"; };
		CD964CC7204AFDC200A9ECBC /* CalendarVC.h */ = {isa = PBXFileReference; lastKnownFileType = sourcecode.c.h; path = CalendarVC.h; sourceTree = "<group>"; };
		CD964CC8204AFDC200A9ECBC /* CalendarVC.m */ = {isa = PBXFileReference; lastKnownFileType = sourcecode.c.objc; path = CalendarVC.m; sourceTree = "<group>"; };
		CD964CCA204AFDCF00A9ECBC /* MessageVC.h */ = {isa = PBXFileReference; lastKnownFileType = sourcecode.c.h; path = MessageVC.h; sourceTree = "<group>"; };
		CD964CCB204AFDCF00A9ECBC /* MessageVC.m */ = {isa = PBXFileReference; lastKnownFileType = sourcecode.c.objc; path = MessageVC.m; sourceTree = "<group>"; };
		CD964CCD204AFDDF00A9ECBC /* MineVC.h */ = {isa = PBXFileReference; lastKnownFileType = sourcecode.c.h; path = MineVC.h; sourceTree = "<group>"; };
		CD964CCE204AFDDF00A9ECBC /* MineVC.m */ = {isa = PBXFileReference; lastKnownFileType = sourcecode.c.objc; path = MineVC.m; sourceTree = "<group>"; };
		CD964CD0204AFE5E00A9ECBC /* BaseViewController.m */ = {isa = PBXFileReference; fileEncoding = 4; lastKnownFileType = sourcecode.c.objc; path = BaseViewController.m; sourceTree = "<group>"; };
		CD964CD1204AFE5F00A9ECBC /* BaseViewController.h */ = {isa = PBXFileReference; fileEncoding = 4; lastKnownFileType = sourcecode.c.h; path = BaseViewController.h; sourceTree = "<group>"; };
		CDA5279D1FECD20E009C39EC /* HeartMate.app */ = {isa = PBXFileReference; explicitFileType = wrapper.application; includeInIndex = 0; path = HeartMate.app; sourceTree = BUILT_PRODUCTS_DIR; };
		CDA527A01FECD20E009C39EC /* AppDelegate.h */ = {isa = PBXFileReference; lastKnownFileType = sourcecode.c.h; path = AppDelegate.h; sourceTree = "<group>"; };
		CDA527A11FECD20E009C39EC /* AppDelegate.m */ = {isa = PBXFileReference; lastKnownFileType = sourcecode.c.objc; path = AppDelegate.m; sourceTree = "<group>"; };
		CDA527A31FECD20E009C39EC /* ViewController.h */ = {isa = PBXFileReference; lastKnownFileType = sourcecode.c.h; path = ViewController.h; sourceTree = "<group>"; };
		CDA527A41FECD20E009C39EC /* ViewController.m */ = {isa = PBXFileReference; lastKnownFileType = sourcecode.c.objc; path = ViewController.m; sourceTree = "<group>"; };
		CDA527A71FECD20E009C39EC /* Base */ = {isa = PBXFileReference; lastKnownFileType = file.storyboard; name = Base; path = Base.lproj/Main.storyboard; sourceTree = "<group>"; };
		CDA527A91FECD20E009C39EC /* Assets.xcassets */ = {isa = PBXFileReference; lastKnownFileType = folder.assetcatalog; path = Assets.xcassets; sourceTree = "<group>"; };
		CDA527AC1FECD20E009C39EC /* Base */ = {isa = PBXFileReference; lastKnownFileType = file.storyboard; name = Base; path = Base.lproj/LaunchScreen.storyboard; sourceTree = "<group>"; };
		CDA527AE1FECD20E009C39EC /* Info.plist */ = {isa = PBXFileReference; lastKnownFileType = text.plist.xml; path = Info.plist; sourceTree = "<group>"; };
		CDA527AF1FECD20E009C39EC /* main.m */ = {isa = PBXFileReference; lastKnownFileType = sourcecode.c.objc; path = main.m; sourceTree = "<group>"; };
		CDA527B61FECE6F1009C39EC /* PrefixHeader.pch */ = {isa = PBXFileReference; lastKnownFileType = sourcecode.c.h; path = PrefixHeader.pch; sourceTree = "<group>"; };
		CDD5BBE0204AB8DC005D2FC5 /* HeartLive.h */ = {isa = PBXFileReference; fileEncoding = 4; lastKnownFileType = sourcecode.c.h; path = HeartLive.h; sourceTree = "<group>"; };
		CDD5BBE1204AB8DC005D2FC5 /* HeartLive.m */ = {isa = PBXFileReference; fileEncoding = 4; lastKnownFileType = sourcecode.c.objc; path = HeartLive.m; sourceTree = "<group>"; };
		CDD5BBEA204AD257005D2FC5 /* HKCaptureSession.h */ = {isa = PBXFileReference; lastKnownFileType = sourcecode.c.h; path = HKCaptureSession.h; sourceTree = "<group>"; };
		CDD5BBEB204AD257005D2FC5 /* HKCaptureSession.m */ = {isa = PBXFileReference; lastKnownFileType = sourcecode.c.objc; path = HKCaptureSession.m; sourceTree = "<group>"; };
		CDD5BBF0204AD287005D2FC5 /* HKCaptureOutput.h */ = {isa = PBXFileReference; lastKnownFileType = sourcecode.c.h; path = HKCaptureOutput.h; sourceTree = "<group>"; };
		CDD5BBF1204AD287005D2FC5 /* HKCaptureOutput.m */ = {isa = PBXFileReference; lastKnownFileType = sourcecode.c.objc; path = HKCaptureOutput.m; sourceTree = "<group>"; };
		CDD5BBF4204AD2B7005D2FC5 /* HeartKit.h */ = {isa = PBXFileReference; lastKnownFileType = sourcecode.c.h; path = HeartKit.h; sourceTree = "<group>"; };
/* End PBXFileReference section */

/* Begin PBXFrameworksBuildPhase section */
		CDA5279A1FECD20E009C39EC /* Frameworks */ = {
			isa = PBXFrameworksBuildPhase;
			buildActionMask = 2147483647;
			files = (
				1751DF36B9995837226F2D8D /* Pods_CardiotachMate.framework in Frameworks */,
			);
			runOnlyForDeploymentPostprocessing = 0;
		};
/* End PBXFrameworksBuildPhase section */

/* Begin PBXGroup section */
		2169E84908DA855E4732369E /* Pods */ = {
			isa = PBXGroup;
			children = (
				9D514ABAF5D6810B2D9C6A99 /* Pods-CardiotachMate.debug.xcconfig */,
				983B29790E3937E207C8E55A /* Pods-CardiotachMate.release.xcconfig */,
			);
			name = Pods;
			sourceTree = "<group>";
		};
		CD964CB5204AFD0400A9ECBC /* Base */ = {
			isa = PBXGroup;
			children = (
				CD964CB8204AFD4000A9ECBC /* BaseNavController.h */,
				CD964CB7204AFD4000A9ECBC /* BaseNavController.m */,
				CD964CBA204AFD4100A9ECBC /* RootViewController.h */,
				CD964CBB204AFD4100A9ECBC /* RootViewController.m */,
				CD964CB2204AFC2F00A9ECBC /* BaseTabBarController.h */,
				CD964CB3204AFC2F00A9ECBC /* BaseTabBarController.m */,
				CD964CB0204AFC1B00A9ECBC /* BaseTabBarController.json */,
				CD964CD1204AFE5F00A9ECBC /* BaseViewController.h */,
				CD964CD0204AFE5E00A9ECBC /* BaseViewController.m */,
			);
			path = Base;
			sourceTree = "<group>";
		};
		CD964CB6204AFD1D00A9ECBC /* Controllers */ = {
			isa = PBXGroup;
			children = (
				CD964CC0204AFD6400A9ECBC /* Timeline */,
				CD964CC1204AFD7000A9ECBC /* Calendar */,
				CD964CC2204AFD7600A9ECBC /* Message */,
				CD964CC3204AFD7B00A9ECBC /* Mine */,
			);
			path = Controllers;
			sourceTree = "<group>";
		};
		CD964CC0204AFD6400A9ECBC /* Timeline */ = {
			isa = PBXGroup;
			children = (
				CD964CC4204AFDB800A9ECBC /* TimelineVC.h */,
				CD964CC5204AFDB800A9ECBC /* TimelineVC.m */,
			);
			path = Timeline;
			sourceTree = "<group>";
		};
		CD964CC1204AFD7000A9ECBC /* Calendar */ = {
			isa = PBXGroup;
			children = (
				CD964CC7204AFDC200A9ECBC /* CalendarVC.h */,
				CD964CC8204AFDC200A9ECBC /* CalendarVC.m */,
			);
			path = Calendar;
			sourceTree = "<group>";
		};
		CD964CC2204AFD7600A9ECBC /* Message */ = {
			isa = PBXGroup;
			children = (
				CD964CCA204AFDCF00A9ECBC /* MessageVC.h */,
				CD964CCB204AFDCF00A9ECBC /* MessageVC.m */,
			);
			path = Message;
			sourceTree = "<group>";
		};
		CD964CC3204AFD7B00A9ECBC /* Mine */ = {
			isa = PBXGroup;
			children = (
				CD964CCD204AFDDF00A9ECBC /* MineVC.h */,
				CD964CCE204AFDDF00A9ECBC /* MineVC.m */,
			);
			path = Mine;
			sourceTree = "<group>";
		};
		CDA527941FECD20E009C39EC = {
			isa = PBXGroup;
			children = (
				CDA5279F1FECD20E009C39EC /* HeartMate */,
				CDA5279E1FECD20E009C39EC /* Products */,
				2169E84908DA855E4732369E /* Pods */,
				DBD427090297487EFCBEEEF6 /* Frameworks */,
			);
			sourceTree = "<group>";
		};
		CDA5279E1FECD20E009C39EC /* Products */ = {
			isa = PBXGroup;
			children = (
				CDA5279D1FECD20E009C39EC /* HeartMate.app */,
			);
			name = Products;
			sourceTree = "<group>";
		};
		CDA5279F1FECD20E009C39EC /* HeartMate */ = {
			isa = PBXGroup;
			children = (
				CDA527A31FECD20E009C39EC /* ViewController.h */,
				CDA527A41FECD20E009C39EC /* ViewController.m */,
				CDA527A01FECD20E009C39EC /* AppDelegate.h */,
				CDA527A11FECD20E009C39EC /* AppDelegate.m */,
				CDA527B61FECE6F1009C39EC /* PrefixHeader.pch */,
				CD964CB5204AFD0400A9ECBC /* Base */,
				CD964CB6204AFD1D00A9ECBC /* Controllers */,
				CDD5BBF3204AD292005D2FC5 /* HeartKit */,
				CDA527A61FECD20E009C39EC /* Main.storyboard */,
				CD517D3F204BAC28001A6992 /* HMData.h */,
				CD517D40204BAC28001A6992 /* HMData.m */,
				CDA527A91FECD20E009C39EC /* Assets.xcassets */,
				CDA527AB1FECD20E009C39EC /* LaunchScreen.storyboard */,
				CDA527AE1FECD20E009C39EC /* Info.plist */,
				CDA527AF1FECD20E009C39EC /* main.m */,
			);
			path = HeartMate;
			sourceTree = "<group>";
		};
		CDD5BBF3204AD292005D2FC5 /* HeartKit */ = {
			isa = PBXGroup;
			children = (
				CDD5BBF4204AD2B7005D2FC5 /* HeartKit.h */,
				CDD5BBEA204AD257005D2FC5 /* HKCaptureSession.h */,
				CDD5BBEB204AD257005D2FC5 /* HKCaptureSession.m */,
				CDD5BBF0204AD287005D2FC5 /* HKCaptureOutput.h */,
				CDD5BBF1204AD287005D2FC5 /* HKCaptureOutput.m */,
				CD964CAA204AD88900A9ECBC /* HKRecord.h */,
				CD964CAB204AD88900A9ECBC /* HKRecord.m */,
				CDD5BBE0204AB8DC005D2FC5 /* HeartLive.h */,
				CDD5BBE1204AB8DC005D2FC5 /* HeartLive.m */,
			);
			path = HeartKit;
			sourceTree = "<group>";
		};
		DBD427090297487EFCBEEEF6 /* Frameworks */ = {
			isa = PBXGroup;
			children = (
				887175E55E5A0CC8CFA108C8 /* Pods_CardiotachMate.framework */,
			);
			name = Frameworks;
			sourceTree = "<group>";
		};
/* End PBXGroup section */

/* Begin PBXNativeTarget section */
		CDA5279C1FECD20E009C39EC /* HeartMate */ = {
			isa = PBXNativeTarget;
			buildConfigurationList = CDA527B31FECD20E009C39EC /* Build configuration list for PBXNativeTarget "HeartMate" */;
			buildPhases = (
				493769C85A860DA768A88748 /* [CP] Check Pods Manifest.lock */,
				CDA527991FECD20E009C39EC /* Sources */,
				CDA5279A1FECD20E009C39EC /* Frameworks */,
				CDA5279B1FECD20E009C39EC /* Resources */,
				775E0DBE096EB0985F05C644 /* [CP] Embed Pods Frameworks */,
				CC32EA107C5D2A0A9E607866 /* [CP] Copy Pods Resources */,
			);
			buildRules = (
			);
			dependencies = (
			);
			name = HeartMate;
			productName = CardiotachMate;
			productReference = CDA5279D1FECD20E009C39EC /* HeartMate.app */;
			productType = "com.apple.product-type.application";
		};
/* End PBXNativeTarget section */

/* Begin PBXProject section */
		CDA527951FECD20E009C39EC /* Project object */ = {
			isa = PBXProject;
			attributes = {
				CLASSPREFIX = HM;
				LastUpgradeCheck = 0920;
				ORGANIZATIONNAME = xaoxuu;
				TargetAttributes = {
					CDA5279C1FECD20E009C39EC = {
						CreatedOnToolsVersion = 9.2;
						ProvisioningStyle = Manual;
					};
				};
			};
			buildConfigurationList = CDA527981FECD20E009C39EC /* Build configuration list for PBXProject "HeartMate" */;
			compatibilityVersion = "Xcode 8.0";
			developmentRegion = en;
			hasScannedForEncodings = 0;
			knownRegions = (
				en,
				Base,
			);
			mainGroup = CDA527941FECD20E009C39EC;
			productRefGroup = CDA5279E1FECD20E009C39EC /* Products */;
			projectDirPath = "";
			projectRoot = "";
			targets = (
				CDA5279C1FECD20E009C39EC /* HeartMate */,
			);
		};
/* End PBXProject section */

/* Begin PBXResourcesBuildPhase section */
		CDA5279B1FECD20E009C39EC /* Resources */ = {
			isa = PBXResourcesBuildPhase;
			buildActionMask = 2147483647;
			files = (
				CD964CB1204AFC1B00A9ECBC /* BaseTabBarController.json in Resources */,
				CDA527AD1FECD20E009C39EC /* LaunchScreen.storyboard in Resources */,
				CDA527AA1FECD20E009C39EC /* Assets.xcassets in Resources */,
				CDA527A81FECD20E009C39EC /* Main.storyboard in Resources */,
			);
			runOnlyForDeploymentPostprocessing = 0;
		};
/* End PBXResourcesBuildPhase section */

/* Begin PBXShellScriptBuildPhase section */
		493769C85A860DA768A88748 /* [CP] Check Pods Manifest.lock */ = {
			isa = PBXShellScriptBuildPhase;
			buildActionMask = 2147483647;
			files = (
			);
			inputPaths = (
				"${PODS_PODFILE_DIR_PATH}/Podfile.lock",
				"${PODS_ROOT}/Manifest.lock",
			);
			name = "[CP] Check Pods Manifest.lock";
			outputPaths = (
				"$(DERIVED_FILE_DIR)/Pods-CardiotachMate-checkManifestLockResult.txt",
			);
			runOnlyForDeploymentPostprocessing = 0;
			shellPath = /bin/sh;
			shellScript = "diff \"${PODS_PODFILE_DIR_PATH}/Podfile.lock\" \"${PODS_ROOT}/Manifest.lock\" > /dev/null\nif [ $? != 0 ] ; then\n    # print error to STDERR\n    echo \"error: The sandbox is not in sync with the Podfile.lock. Run 'pod install' or update your CocoaPods installation.\" >&2\n    exit 1\nfi\n# This output is used by Xcode 'outputs' to avoid re-running this script phase.\necho \"SUCCESS\" > \"${SCRIPT_OUTPUT_FILE_0}\"\n";
			showEnvVarsInLog = 0;
		};
		775E0DBE096EB0985F05C644 /* [CP] Embed Pods Frameworks */ = {
			isa = PBXShellScriptBuildPhase;
			buildActionMask = 2147483647;
			files = (
			);
			inputPaths = (
				"${SRCROOT}/Pods/Target Support Files/Pods-CardiotachMate/Pods-CardiotachMate-frameworks.sh",
				"${BUILT_PRODUCTS_DIR}/AXKit/AXKit.framework",
				"${BUILT_PRODUCTS_DIR}/FMDB/FMDB.framework",
				"${BUILT_PRODUCTS_DIR}/MJRefresh/MJRefresh.framework",
				"${BUILT_PRODUCTS_DIR}/Realm/Realm.framework",
				"${BUILT_PRODUCTS_DIR}/SDWebImage/SDWebImage.framework",
				"${BUILT_PRODUCTS_DIR}/YYKit/YYKit.framework",
			);
			name = "[CP] Embed Pods Frameworks";
			outputPaths = (
				"${TARGET_BUILD_DIR}/${FRAMEWORKS_FOLDER_PATH}/AXKit.framework",
				"${TARGET_BUILD_DIR}/${FRAMEWORKS_FOLDER_PATH}/FMDB.framework",
				"${TARGET_BUILD_DIR}/${FRAMEWORKS_FOLDER_PATH}/MJRefresh.framework",
				"${TARGET_BUILD_DIR}/${FRAMEWORKS_FOLDER_PATH}/Realm.framework",
				"${TARGET_BUILD_DIR}/${FRAMEWORKS_FOLDER_PATH}/SDWebImage.framework",
				"${TARGET_BUILD_DIR}/${FRAMEWORKS_FOLDER_PATH}/YYKit.framework",
			);
			runOnlyForDeploymentPostprocessing = 0;
			shellPath = /bin/sh;
			shellScript = "\"${SRCROOT}/Pods/Target Support Files/Pods-CardiotachMate/Pods-CardiotachMate-frameworks.sh\"\n";
			showEnvVarsInLog = 0;
		};
		CC32EA107C5D2A0A9E607866 /* [CP] Copy Pods Resources */ = {
			isa = PBXShellScriptBuildPhase;
			buildActionMask = 2147483647;
			files = (
			);
			inputPaths = (
			);
			name = "[CP] Copy Pods Resources";
			outputPaths = (
			);
			runOnlyForDeploymentPostprocessing = 0;
			shellPath = /bin/sh;
			shellScript = "\"${SRCROOT}/Pods/Target Support Files/Pods-CardiotachMate/Pods-CardiotachMate-resources.sh\"\n";
			showEnvVarsInLog = 0;
		};
/* End PBXShellScriptBuildPhase section */

/* Begin PBXSourcesBuildPhase section */
		CDA527991FECD20E009C39EC /* Sources */ = {
			isa = PBXSourcesBuildPhase;
			buildActionMask = 2147483647;
			files = (
				CD964CC6204AFDB800A9ECBC /* TimelineVC.m in Sources */,
				CDD5BBE3204AB8DC005D2FC5 /* HeartLive.m in Sources */,
				CD517D41204BAC28001A6992 /* HMData.m in Sources */,
				CD964CCC204AFDCF00A9ECBC /* MessageVC.m in Sources */,
				CD964CC9204AFDC200A9ECBC /* CalendarVC.m in Sources */,
				CD964CCF204AFDDF00A9ECBC /* MineVC.m in Sources */,
				CD964CBF204AFD4100A9ECBC /* RootViewController.m in Sources */,
				CDA527A51FECD20E009C39EC /* ViewController.m in Sources */,
				CDD5BBF2204AD287005D2FC5 /* HKCaptureOutput.m in Sources */,
				CD964CD2204AFE5F00A9ECBC /* BaseViewController.m in Sources */,
				CD964CB4204AFC2F00A9ECBC /* BaseTabBarController.m in Sources */,
				CDA527B01FECD20E009C39EC /* main.m in Sources */,
				CD964CBD204AFD4100A9ECBC /* BaseNavController.m in Sources */,
				CDD5BBEC204AD257005D2FC5 /* HKCaptureSession.m in Sources */,
				CDA527A21FECD20E009C39EC /* AppDelegate.m in Sources */,
				CD964CAC204AD88900A9ECBC /* HKRecord.m in Sources */,
			);
			runOnlyForDeploymentPostprocessing = 0;
		};
/* End PBXSourcesBuildPhase section */

/* Begin PBXVariantGroup section */
		CDA527A61FECD20E009C39EC /* Main.storyboard */ = {
			isa = PBXVariantGroup;
			children = (
				CDA527A71FECD20E009C39EC /* Base */,
			);
			name = Main.storyboard;
			sourceTree = "<group>";
		};
		CDA527AB1FECD20E009C39EC /* LaunchScreen.storyboard */ = {
			isa = PBXVariantGroup;
			children = (
				CDA527AC1FECD20E009C39EC /* Base */,
			);
			name = LaunchScreen.storyboard;
			sourceTree = "<group>";
		};
/* End PBXVariantGroup section */

/* Begin XCBuildConfiguration section */
		CDA527B11FECD20E009C39EC /* Debug */ = {
			isa = XCBuildConfiguration;
			buildSettings = {
				ALWAYS_SEARCH_USER_PATHS = NO;
				CLANG_ANALYZER_NONNULL = YES;
				CLANG_ANALYZER_NUMBER_OBJECT_CONVERSION = YES_AGGRESSIVE;
				CLANG_CXX_LANGUAGE_STANDARD = "gnu++14";
				CLANG_CXX_LIBRARY = "libc++";
				CLANG_ENABLE_MODULES = YES;
				CLANG_ENABLE_OBJC_ARC = YES;
				CLANG_WARN_BLOCK_CAPTURE_AUTORELEASING = YES;
				CLANG_WARN_BOOL_CONVERSION = YES;
				CLANG_WARN_COMMA = YES;
				CLANG_WARN_CONSTANT_CONVERSION = YES;
				CLANG_WARN_DIRECT_OBJC_ISA_USAGE = YES_ERROR;
				CLANG_WARN_DOCUMENTATION_COMMENTS = YES;
				CLANG_WARN_EMPTY_BODY = YES;
				CLANG_WARN_ENUM_CONVERSION = YES;
				CLANG_WARN_INFINITE_RECURSION = YES;
				CLANG_WARN_INT_CONVERSION = YES;
				CLANG_WARN_NON_LITERAL_NULL_CONVERSION = YES;
				CLANG_WARN_OBJC_LITERAL_CONVERSION = YES;
				CLANG_WARN_OBJC_ROOT_CLASS = YES_ERROR;
				CLANG_WARN_RANGE_LOOP_ANALYSIS = YES;
				CLANG_WARN_STRICT_PROTOTYPES = YES;
				CLANG_WARN_SUSPICIOUS_MOVE = YES;
				CLANG_WARN_UNGUARDED_AVAILABILITY = YES_AGGRESSIVE;
				CLANG_WARN_UNREACHABLE_CODE = YES;
				CLANG_WARN__DUPLICATE_METHOD_MATCH = YES;
				CODE_SIGN_IDENTITY = "iPhone Developer";
				COPY_PHASE_STRIP = NO;
				DEBUG_INFORMATION_FORMAT = dwarf;
				ENABLE_STRICT_OBJC_MSGSEND = YES;
				ENABLE_TESTABILITY = YES;
				GCC_C_LANGUAGE_STANDARD = gnu11;
				GCC_DYNAMIC_NO_PIC = NO;
				GCC_NO_COMMON_BLOCKS = YES;
				GCC_OPTIMIZATION_LEVEL = 0;
				GCC_PREPROCESSOR_DEFINITIONS = (
					"DEBUG=1",
					"$(inherited)",
				);
				GCC_WARN_64_TO_32_BIT_CONVERSION = YES;
				GCC_WARN_ABOUT_RETURN_TYPE = YES_ERROR;
				GCC_WARN_UNDECLARED_SELECTOR = YES;
				GCC_WARN_UNINITIALIZED_AUTOS = YES_AGGRESSIVE;
				GCC_WARN_UNUSED_FUNCTION = YES;
				GCC_WARN_UNUSED_VARIABLE = YES;
				IPHONEOS_DEPLOYMENT_TARGET = 8.0;
				MTL_ENABLE_DEBUG_INFO = YES;
				ONLY_ACTIVE_ARCH = YES;
				SDKROOT = iphoneos;
			};
			name = Debug;
		};
		CDA527B21FECD20E009C39EC /* Release */ = {
			isa = XCBuildConfiguration;
			buildSettings = {
				ALWAYS_SEARCH_USER_PATHS = NO;
				CLANG_ANALYZER_NONNULL = YES;
				CLANG_ANALYZER_NUMBER_OBJECT_CONVERSION = YES_AGGRESSIVE;
				CLANG_CXX_LANGUAGE_STANDARD = "gnu++14";
				CLANG_CXX_LIBRARY = "libc++";
				CLANG_ENABLE_MODULES = YES;
				CLANG_ENABLE_OBJC_ARC = YES;
				CLANG_WARN_BLOCK_CAPTURE_AUTORELEASING = YES;
				CLANG_WARN_BOOL_CONVERSION = YES;
				CLANG_WARN_COMMA = YES;
				CLANG_WARN_CONSTANT_CONVERSION = YES;
				CLANG_WARN_DIRECT_OBJC_ISA_USAGE = YES_ERROR;
				CLANG_WARN_DOCUMENTATION_COMMENTS = YES;
				CLANG_WARN_EMPTY_BODY = YES;
				CLANG_WARN_ENUM_CONVERSION = YES;
				CLANG_WARN_INFINITE_RECURSION = YES;
				CLANG_WARN_INT_CONVERSION = YES;
				CLANG_WARN_NON_LITERAL_NULL_CONVERSION = YES;
				CLANG_WARN_OBJC_LITERAL_CONVERSION = YES;
				CLANG_WARN_OBJC_ROOT_CLASS = YES_ERROR;
				CLANG_WARN_RANGE_LOOP_ANALYSIS = YES;
				CLANG_WARN_STRICT_PROTOTYPES = YES;
				CLANG_WARN_SUSPICIOUS_MOVE = YES;
				CLANG_WARN_UNGUARDED_AVAILABILITY = YES_AGGRESSIVE;
				CLANG_WARN_UNREACHABLE_CODE = YES;
				CLANG_WARN__DUPLICATE_METHOD_MATCH = YES;
				CODE_SIGN_IDENTITY = "iPhone Developer";
				COPY_PHASE_STRIP = NO;
				DEBUG_INFORMATION_FORMAT = "dwarf-with-dsym";
				ENABLE_NS_ASSERTIONS = NO;
				ENABLE_STRICT_OBJC_MSGSEND = YES;
				GCC_C_LANGUAGE_STANDARD = gnu11;
				GCC_NO_COMMON_BLOCKS = YES;
				GCC_WARN_64_TO_32_BIT_CONVERSION = YES;
				GCC_WARN_ABOUT_RETURN_TYPE = YES_ERROR;
				GCC_WARN_UNDECLARED_SELECTOR = YES;
				GCC_WARN_UNINITIALIZED_AUTOS = YES_AGGRESSIVE;
				GCC_WARN_UNUSED_FUNCTION = YES;
				GCC_WARN_UNUSED_VARIABLE = YES;
				IPHONEOS_DEPLOYMENT_TARGET = 8.0;
				MTL_ENABLE_DEBUG_INFO = NO;
				SDKROOT = iphoneos;
				VALIDATE_PRODUCT = YES;
			};
			name = Release;
		};
		CDA527B41FECD20E009C39EC /* Debug */ = {
			isa = XCBuildConfiguration;
			baseConfigurationReference = 9D514ABAF5D6810B2D9C6A99 /* Pods-CardiotachMate.debug.xcconfig */;
			buildSettings = {
				ASSETCATALOG_COMPILER_APPICON_NAME = AppIcon;
				CODE_SIGN_STYLE = Manual;
				DEVELOPMENT_TEAM = D6M452FYRP;
				GCC_PREFIX_HEADER = HeartMate/PrefixHeader.pch;
				INFOPLIST_FILE = "$(SRCROOT)/HeartMate/Info.plist";
				LD_RUNPATH_SEARCH_PATHS = "$(inherited) @executable_path/Frameworks";
				PRODUCT_BUNDLE_IDENTIFIER = com.hinteen.CardiotachMate;
				PRODUCT_NAME = "$(TARGET_NAME)";
				PROVISIONING_PROFILE = "b9f70955-ff2b-4c81-88f7-cee73fa0d63c";
				PROVISIONING_PROFILE_SPECIFIER = CardiotachMate_Dev;
				TARGETED_DEVICE_FAMILY = 1;
			};
			name = Debug;
		};
		CDA527B51FECD20E009C39EC /* Release */ = {
			isa = XCBuildConfiguration;
			baseConfigurationReference = 983B29790E3937E207C8E55A /* Pods-CardiotachMate.release.xcconfig */;
			buildSettings = {
				ASSETCATALOG_COMPILER_APPICON_NAME = AppIcon;
				"CODE_SIGN_IDENTITY[sdk=iphoneos*]" = "iPhone Distribution";
				CODE_SIGN_STYLE = Manual;
				DEVELOPMENT_TEAM = D6M452FYRP;
				GCC_PREFIX_HEADER = HeartMate/PrefixHeader.pch;
				INFOPLIST_FILE = "$(SRCROOT)/HeartMate/Info.plist";
				LD_RUNPATH_SEARCH_PATHS = "$(inherited) @executable_path/Frameworks";
				PRODUCT_BUNDLE_IDENTIFIER = com.hinteen.CardiotachMate;
				PRODUCT_NAME = "$(TARGET_NAME)";
				PROVISIONING_PROFILE = "63b7349d-406f-45ba-9745-083a84173fd9";
				PROVISIONING_PROFILE_SPECIFIER = CardiotachMate_Dis;
				TARGETED_DEVICE_FAMILY = 1;
			};
			name = Release;
		};
/* End XCBuildConfiguration section */

/* Begin XCConfigurationList section */
		CDA527981FECD20E009C39EC /* Build configuration list for PBXProject "HeartMate" */ = {
			isa = XCConfigurationList;
			buildConfigurations = (
				CDA527B11FECD20E009C39EC /* Debug */,
				CDA527B21FECD20E009C39EC /* Release */,
			);
			defaultConfigurationIsVisible = 0;
			defaultConfigurationName = Release;
		};
		CDA527B31FECD20E009C39EC /* Build configuration list for PBXNativeTarget "HeartMate" */ = {
			isa = XCConfigurationList;
			buildConfigurations = (
				CDA527B41FECD20E009C39EC /* Debug */,
				CDA527B51FECD20E009C39EC /* Release */,
			);
			defaultConfigurationIsVisible = 0;
			defaultConfigurationName = Release;
		};
/* End XCConfigurationList section */
	};
	rootObject = CDA527951FECD20E009C39EC /* Project object */;
}
